// !$*UTF8*$!
{
	archiveVersion = 1;
	classes = {
	};
	objectVersion = 56;
	objects = {

/* Begin PBXBuildFile section */
		2DD6011529D6DAE800FEC7F2 /* AppDelegate.swift in Sources */ = {isa = PBXBuildFile; fileRef = 2DD6011429D6DAE800FEC7F2 /* AppDelegate.swift */; };
		2DD6011729D6DAE800FEC7F2 /* SceneDelegate.swift in Sources */ = {isa = PBXBuildFile; fileRef = 2DD6011629D6DAE800FEC7F2 /* SceneDelegate.swift */; };
		2DD6011929D6DAE800FEC7F2 /* ViewController.swift in Sources */ = {isa = PBXBuildFile; fileRef = 2DD6011829D6DAE800FEC7F2 /* ViewController.swift */; };
		2DD6011C29D6DAE800FEC7F2 /* Main.storyboard in Resources */ = {isa = PBXBuildFile; fileRef = 2DD6011A29D6DAE800FEC7F2 /* Main.storyboard */; };
		2DD6011E29D6DAEA00FEC7F2 /* Assets.xcassets in Resources */ = {isa = PBXBuildFile; fileRef = 2DD6011D29D6DAEA00FEC7F2 /* Assets.xcassets */; };
		2DD6012129D6DAEA00FEC7F2 /* LaunchScreen.storyboard in Resources */ = {isa = PBXBuildFile; fileRef = 2DD6011F29D6DAEA00FEC7F2 /* LaunchScreen.storyboard */; };
		2DD6012C29D6DAEA00FEC7F2 /* TelTechAppTests.swift in Sources */ = {isa = PBXBuildFile; fileRef = 2DD6012B29D6DAEA00FEC7F2 /* TelTechAppTests.swift */; };
		2DD6013629D6DAEA00FEC7F2 /* TelTechAppUITests.swift in Sources */ = {isa = PBXBuildFile; fileRef = 2DD6013529D6DAEA00FEC7F2 /* TelTechAppUITests.swift */; };
		2DD6013829D6DAEA00FEC7F2 /* TelTechAppUITestsLaunchTests.swift in Sources */ = {isa = PBXBuildFile; fileRef = 2DD6013729D6DAEA00FEC7F2 /* TelTechAppUITestsLaunchTests.swift */; };
/* End PBXBuildFile section */

/* Begin PBXContainerItemProxy section */
		2DD6012829D6DAEA00FEC7F2 /* PBXContainerItemProxy */ = {
			isa = PBXContainerItemProxy;
			containerPortal = 2DD6010929D6DAE800FEC7F2 /* Project object */;
			proxyType = 1;
			remoteGlobalIDString = 2DD6011029D6DAE800FEC7F2;
			remoteInfo = TelTechApp;
		};
		2DD6013229D6DAEA00FEC7F2 /* PBXContainerItemProxy */ = {
			isa = PBXContainerItemProxy;
			containerPortal = 2DD6010929D6DAE800FEC7F2 /* Project object */;
			proxyType = 1;
			remoteGlobalIDString = 2DD6011029D6DAE800FEC7F2;
			remoteInfo = TelTechApp;
		};
/* End PBXContainerItemProxy section */

/* Begin PBXFileReference section */
		2DD6011129D6DAE800FEC7F2 /* TelTechApp.app */ = {isa = PBXFileReference; explicitFileType = wrapper.application; includeInIndex = 0; path = TelTechApp.app; sourceTree = BUILT_PRODUCTS_DIR; };
		2DD6011429D6DAE800FEC7F2 /* AppDelegate.swift */ = {isa = PBXFileReference; lastKnownFileType = sourcecode.swift; path = AppDelegate.swift; sourceTree = "<group>"; };
		2DD6011629D6DAE800FEC7F2 /* SceneDelegate.swift */ = {isa = PBXFileReference; lastKnownFileType = sourcecode.swift; path = SceneDelegate.swift; sourceTree = "<group>"; };
		2DD6011829D6DAE800FEC7F2 /* ViewController.swift */ = {isa = PBXFileReference; lastKnownFileType = sourcecode.swift; path = ViewController.swift; sourceTree = "<group>"; };
		2DD6011B29D6DAE800FEC7F2 /* Base */ = {isa = PBXFileReference; lastKnownFileType = file.storyboard; name = Base; path = Base.lproj/Main.storyboard; sourceTree = "<group>"; };
		2DD6011D29D6DAEA00FEC7F2 /* Assets.xcassets */ = {isa = PBXFileReference; lastKnownFileType = folder.assetcatalog; path = Assets.xcassets; sourceTree = "<group>"; };
		2DD6012029D6DAEA00FEC7F2 /* Base */ = {isa = PBXFileReference; lastKnownFileType = file.storyboard; name = Base; path = Base.lproj/LaunchScreen.storyboard; sourceTree = "<group>"; };
		2DD6012229D6DAEA00FEC7F2 /* Info.plist */ = {isa = PBXFileReference; lastKnownFileType = text.plist.xml; path = Info.plist; sourceTree = "<group>"; };
		2DD6012729D6DAEA00FEC7F2 /* TelTechAppTests.xctest */ = {isa = PBXFileReference; explicitFileType = wrapper.cfbundle; includeInIndex = 0; path = TelTechAppTests.xctest; sourceTree = BUILT_PRODUCTS_DIR; };
		2DD6012B29D6DAEA00FEC7F2 /* TelTechAppTests.swift */ = {isa = PBXFileReference; lastKnownFileType = sourcecode.swift; path = TelTechAppTests.swift; sourceTree = "<group>"; };
		2DD6013129D6DAEA00FEC7F2 /* TelTechAppUITests.xctest */ = {isa = PBXFileReference; explicitFileType = wrapper.cfbundle; includeInIndex = 0; path = TelTechAppUITests.xctest; sourceTree = BUILT_PRODUCTS_DIR; };
		2DD6013529D6DAEA00FEC7F2 /* TelTechAppUITests.swift */ = {isa = PBXFileReference; lastKnownFileType = sourcecode.swift; path = TelTechAppUITests.swift; sourceTree = "<group>"; };
		2DD6013729D6DAEA00FEC7F2 /* TelTechAppUITestsLaunchTests.swift */ = {isa = PBXFileReference; lastKnownFileType = sourcecode.swift; path = TelTechAppUITestsLaunchTests.swift; sourceTree = "<group>"; };
/* End PBXFileReference section */

/* Begin PBXFrameworksBuildPhase section */
		2DD6010E29D6DAE800FEC7F2 /* Frameworks */ = {
			isa = PBXFrameworksBuildPhase;
			buildActionMask = 2147483647;
			files = (
			);
			runOnlyForDeploymentPostprocessing = 0;
		};
		2DD6012429D6DAEA00FEC7F2 /* Frameworks */ = {
			isa = PBXFrameworksBuildPhase;
			buildActionMask = 2147483647;
			files = (
			);
			runOnlyForDeploymentPostprocessing = 0;
		};
		2DD6012E29D6DAEA00FEC7F2 /* Frameworks */ = {
			isa = PBXFrameworksBuildPhase;
			buildActionMask = 2147483647;
			files = (
			);
			runOnlyForDeploymentPostprocessing = 0;
		};
/* End PBXFrameworksBuildPhase section */

/* Begin PBXGroup section */
		2DD6010829D6DAE800FEC7F2 = {
			isa = PBXGroup;
			children = (
				2DD6011329D6DAE800FEC7F2 /* TelTechApp */,
				2DD6012A29D6DAEA00FEC7F2 /* TelTechAppTests */,
				2DD6013429D6DAEA00FEC7F2 /* TelTechAppUITests */,
				2DD6011229D6DAE800FEC7F2 /* Products */,
			);
			sourceTree = "<group>";
		};
		2DD6011229D6DAE800FEC7F2 /* Products */ = {
			isa = PBXGroup;
			children = (
				2DD6011129D6DAE800FEC7F2 /* TelTechApp.app */,
				2DD6012729D6DAEA00FEC7F2 /* TelTechAppTests.xctest */,
				2DD6013129D6DAEA00FEC7F2 /* TelTechAppUITests.xctest */,
			);
			name = Products;
			sourceTree = "<group>";
		};
		2DD6011329D6DAE800FEC7F2 /* TelTechApp */ = {
			isa = PBXGroup;
			children = (
				2DD6011429D6DAE800FEC7F2 /* AppDelegate.swift */,
				2DD6011629D6DAE800FEC7F2 /* SceneDelegate.swift */,
				2DD6011829D6DAE800FEC7F2 /* ViewController.swift */,
				2DD6011A29D6DAE800FEC7F2 /* Main.storyboard */,
				2DD6011D29D6DAEA00FEC7F2 /* Assets.xcassets */,
				2DD6011F29D6DAEA00FEC7F2 /* LaunchScreen.storyboard */,
				2DD6012229D6DAEA00FEC7F2 /* Info.plist */,
			);
			path = TelTechApp;
			sourceTree = "<group>";
		};
		2DD6012A29D6DAEA00FEC7F2 /* TelTechAppTests */ = {
			isa = PBXGroup;
			children = (
				2DD6012B29D6DAEA00FEC7F2 /* TelTechAppTests.swift */,
			);
			path = TelTechAppTests;
			sourceTree = "<group>";
		};
		2DD6013429D6DAEA00FEC7F2 /* TelTechAppUITests */ = {
			isa = PBXGroup;
			children = (
				2DD6013529D6DAEA00FEC7F2 /* TelTechAppUITests.swift */,
				2DD6013729D6DAEA00FEC7F2 /* TelTechAppUITestsLaunchTests.swift */,
			);
			path = TelTechAppUITests;
			sourceTree = "<group>";
		};
/* End PBXGroup section */

/* Begin PBXNativeTarget section */
		2DD6011029D6DAE800FEC7F2 /* TelTechApp */ = {
			isa = PBXNativeTarget;
			buildConfigurationList = 2DD6013B29D6DAEA00FEC7F2 /* Build configuration list for PBXNativeTarget "TelTechApp" */;
			buildPhases = (
				2DD6010D29D6DAE800FEC7F2 /* Sources */,
				2DD6010E29D6DAE800FEC7F2 /* Frameworks */,
				2DD6010F29D6DAE800FEC7F2 /* Resources */,
			);
			buildRules = (
			);
			dependencies = (
			);
			name = TelTechApp;
			productName = TelTechApp;
			productReference = 2DD6011129D6DAE800FEC7F2 /* TelTechApp.app */;
			productType = "com.apple.product-type.application";
		};
		2DD6012629D6DAEA00FEC7F2 /* TelTechAppTests */ = {
			isa = PBXNativeTarget;
			buildConfigurationList = 2DD6013E29D6DAEA00FEC7F2 /* Build configuration list for PBXNativeTarget "TelTechAppTests" */;
			buildPhases = (
				2DD6012329D6DAEA00FEC7F2 /* Sources */,
				2DD6012429D6DAEA00FEC7F2 /* Frameworks */,
				2DD6012529D6DAEA00FEC7F2 /* Resources */,
			);
			buildRules = (
			);
			dependencies = (
				2DD6012929D6DAEA00FEC7F2 /* PBXTargetDependency */,
			);
			name = TelTechAppTests;
			productName = TelTechAppTests;
			productReference = 2DD6012729D6DAEA00FEC7F2 /* TelTechAppTests.xctest */;
			productType = "com.apple.product-type.bundle.unit-test";
		};
		2DD6013029D6DAEA00FEC7F2 /* TelTechAppUITests */ = {
			isa = PBXNativeTarget;
			buildConfigurationList = 2DD6014129D6DAEA00FEC7F2 /* Build configuration list for PBXNativeTarget "TelTechAppUITests" */;
			buildPhases = (
				2DD6012D29D6DAEA00FEC7F2 /* Sources */,
				2DD6012E29D6DAEA00FEC7F2 /* Frameworks */,
				2DD6012F29D6DAEA00FEC7F2 /* Resources */,
			);
			buildRules = (
			);
			dependencies = (
				2DD6013329D6DAEA00FEC7F2 /* PBXTargetDependency */,
			);
			name = TelTechAppUITests;
			productName = TelTechAppUITests;
			productReference = 2DD6013129D6DAEA00FEC7F2 /* TelTechAppUITests.xctest */;
			productType = "com.apple.product-type.bundle.ui-testing";
		};
/* End PBXNativeTarget section */

/* Begin PBXProject section */
		2DD6010929D6DAE800FEC7F2 /* Project object */ = {
			isa = PBXProject;
			attributes = {
				BuildIndependentTargetsInParallel = 1;
				LastSwiftUpdateCheck = 1420;
				LastUpgradeCheck = 1420;
				TargetAttributes = {
					2DD6011029D6DAE800FEC7F2 = {
						CreatedOnToolsVersion = 14.2;
					};
					2DD6012629D6DAEA00FEC7F2 = {
						CreatedOnToolsVersion = 14.2;
						TestTargetID = 2DD6011029D6DAE800FEC7F2;
					};
					2DD6013029D6DAEA00FEC7F2 = {
						CreatedOnToolsVersion = 14.2;
						TestTargetID = 2DD6011029D6DAE800FEC7F2;
					};
				};
			};
			buildConfigurationList = 2DD6010C29D6DAE800FEC7F2 /* Build configuration list for PBXProject "TelTechApp" */;
			compatibilityVersion = "Xcode 14.0";
			developmentRegion = en;
			hasScannedForEncodings = 0;
			knownRegions = (
				en,
				Base,
			);
			mainGroup = 2DD6010829D6DAE800FEC7F2;
			productRefGroup = 2DD6011229D6DAE800FEC7F2 /* Products */;
			projectDirPath = "";
			projectRoot = "";
			targets = (
				2DD6011029D6DAE800FEC7F2 /* TelTechApp */,
				2DD6012629D6DAEA00FEC7F2 /* TelTechAppTests */,
				2DD6013029D6DAEA00FEC7F2 /* TelTechAppUITests */,
			);
		};
/* End PBXProject section */

/* Begin PBXResourcesBuildPhase section */
		2DD6010F29D6DAE800FEC7F2 /* Resources */ = {
			isa = PBXResourcesBuildPhase;
			buildActionMask = 2147483647;
			files = (
				2DD6012129D6DAEA00FEC7F2 /* LaunchScreen.storyboard in Resources */,
				2DD6011E29D6DAEA00FEC7F2 /* Assets.xcassets in Resources */,
				2DD6011C29D6DAE800FEC7F2 /* Main.storyboard in Resources */,
			);
			runOnlyForDeploymentPostprocessing = 0;
		};
		2DD6012529D6DAEA00FEC7F2 /* Resources */ = {
			isa = PBXResourcesBuildPhase;
			buildActionMask = 2147483647;
			files = (
			);
			runOnlyForDeploymentPostprocessing = 0;
		};
		2DD6012F29D6DAEA00FEC7F2 /* Resources */ = {
			isa = PBXResourcesBuildPhase;
			buildActionMask = 2147483647;
			files = (
			);
			runOnlyForDeploymentPostprocessing = 0;
		};
/* End PBXResourcesBuildPhase section */

/* Begin PBXSourcesBuildPhase section */
		2DD6010D29D6DAE800FEC7F2 /* Sources */ = {
			isa = PBXSourcesBuildPhase;
			buildActionMask = 2147483647;
			files = (
				2DD6011929D6DAE800FEC7F2 /* ViewController.swift in Sources */,
				2DD6011529D6DAE800FEC7F2 /* AppDelegate.swift in Sources */,
				2DD6011729D6DAE800FEC7F2 /* SceneDelegate.swift in Sources */,
			);
			runOnlyForDeploymentPostprocessing = 0;
		};
		2DD6012329D6DAEA00FEC7F2 /* Sources */ = {
			isa = PBXSourcesBuildPhase;
			buildActionMask = 2147483647;
			files = (
				2DD6012C29D6DAEA00FEC7F2 /* TelTechAppTests.swift in Sources */,
			);
			runOnlyForDeploymentPostprocessing = 0;
		};
		2DD6012D29D6DAEA00FEC7F2 /* Sources */ = {
			isa = PBXSourcesBuildPhase;
			buildActionMask = 2147483647;
			files = (
				2DD6013829D6DAEA00FEC7F2 /* TelTechAppUITestsLaunchTests.swift in Sources */,
				2DD6013629D6DAEA00FEC7F2 /* TelTechAppUITests.swift in Sources */,
			);
			runOnlyForDeploymentPostprocessing = 0;
		};
/* End PBXSourcesBuildPhase section */

/* Begin PBXTargetDependency section */
		2DD6012929D6DAEA00FEC7F2 /* PBXTargetDependency */ = {
			isa = PBXTargetDependency;
			target = 2DD6011029D6DAE800FEC7F2 /* TelTechApp */;
			targetProxy = 2DD6012829D6DAEA00FEC7F2 /* PBXContainerItemProxy */;
		};
		2DD6013329D6DAEA00FEC7F2 /* PBXTargetDependency */ = {
			isa = PBXTargetDependency;
			target = 2DD6011029D6DAE800FEC7F2 /* TelTechApp */;
			targetProxy = 2DD6013229D6DAEA00FEC7F2 /* PBXContainerItemProxy */;
		};
/* End PBXTargetDependency section */

/* Begin PBXVariantGroup section */
		2DD6011A29D6DAE800FEC7F2 /* Main.storyboard */ = {
			isa = PBXVariantGroup;
			children = (
				2DD6011B29D6DAE800FEC7F2 /* Base */,
			);
			name = Main.storyboard;
			sourceTree = "<group>";
		};
		2DD6011F29D6DAEA00FEC7F2 /* LaunchScreen.storyboard */ = {
			isa = PBXVariantGroup;
			children = (
				2DD6012029D6DAEA00FEC7F2 /* Base */,
			);
			name = LaunchScreen.storyboard;
			sourceTree = "<group>";
		};
/* End PBXVariantGroup section */

/* Begin XCBuildConfiguration section */
		2DD6013929D6DAEA00FEC7F2 /* Debug */ = {
			isa = XCBuildConfiguration;
			buildSettings = {
				ALWAYS_SEARCH_USER_PATHS = NO;
				CLANG_ANALYZER_NONNULL = YES;
				CLANG_ANALYZER_NUMBER_OBJECT_CONVERSION = YES_AGGRESSIVE;
				CLANG_CXX_LANGUAGE_STANDARD = "gnu++20";
				CLANG_ENABLE_MODULES = YES;
				CLANG_ENABLE_OBJC_ARC = YES;
				CLANG_ENABLE_OBJC_WEAK = YES;
				CLANG_WARN_BLOCK_CAPTURE_AUTORELEASING = YES;
				CLANG_WARN_BOOL_CONVERSION = YES;
				CLANG_WARN_COMMA = YES;
				CLANG_WARN_CONSTANT_CONVERSION = YES;
				CLANG_WARN_DEPRECATED_OBJC_IMPLEMENTATIONS = YES;
				CLANG_WARN_DIRECT_OBJC_ISA_USAGE = YES_ERROR;
				CLANG_WARN_DOCUMENTATION_COMMENTS = YES;
				CLANG_WARN_EMPTY_BODY = YES;
				CLANG_WARN_ENUM_CONVERSION = YES;
				CLANG_WARN_INFINITE_RECURSION = YES;
				CLANG_WARN_INT_CONVERSION = YES;
				CLANG_WARN_NON_LITERAL_NULL_CONVERSION = YES;
				CLANG_WARN_OBJC_IMPLICIT_RETAIN_SELF = YES;
				CLANG_WARN_OBJC_LITERAL_CONVERSION = YES;
				CLANG_WARN_OBJC_ROOT_CLASS = YES_ERROR;
				CLANG_WARN_QUOTED_INCLUDE_IN_FRAMEWORK_HEADER = YES;
				CLANG_WARN_RANGE_LOOP_ANALYSIS = YES;
				CLANG_WARN_STRICT_PROTOTYPES = YES;
				CLANG_WARN_SUSPICIOUS_MOVE = YES;
				CLANG_WARN_UNGUARDED_AVAILABILITY = YES_AGGRESSIVE;
				CLANG_WARN_UNREACHABLE_CODE = YES;
				CLANG_WARN__DUPLICATE_METHOD_MATCH = YES;
				COPY_PHASE_STRIP = NO;
				DEBUG_INFORMATION_FORMAT = dwarf;
				ENABLE_STRICT_OBJC_MSGSEND = YES;
				ENABLE_TESTABILITY = YES;
				GCC_C_LANGUAGE_STANDARD = gnu11;
				GCC_DYNAMIC_NO_PIC = NO;
				GCC_NO_COMMON_BLOCKS = YES;
				GCC_OPTIMIZATION_LEVEL = 0;
				GCC_PREPROCESSOR_DEFINITIONS = (
					"DEBUG=1",
					"$(inherited)",
				);
				GCC_WARN_64_TO_32_BIT_CONVERSION = YES;
				GCC_WARN_ABOUT_RETURN_TYPE = YES_ERROR;
				GCC_WARN_UNDECLARED_SELECTOR = YES;
				GCC_WARN_UNINITIALIZED_AUTOS = YES_AGGRESSIVE;
				GCC_WARN_UNUSED_FUNCTION = YES;
				GCC_WARN_UNUSED_VARIABLE = YES;
				IPHONEOS_DEPLOYMENT_TARGET = 16.2;
				MTL_ENABLE_DEBUG_INFO = INCLUDE_SOURCE;
				MTL_FAST_MATH = YES;
				ONLY_ACTIVE_ARCH = YES;
				SDKROOT = iphoneos;
				SWIFT_ACTIVE_COMPILATION_CONDITIONS = DEBUG;
				SWIFT_OPTIMIZATION_LEVEL = "-Onone";
			};
			name = Debug;
		};
		2DD6013A29D6DAEA00FEC7F2 /* Release */ = {
			isa = XCBuildConfiguration;
			buildSettings = {
				ALWAYS_SEARCH_USER_PATHS = NO;
				CLANG_ANALYZER_NONNULL = YES;
				CLANG_ANALYZER_NUMBER_OBJECT_CONVERSION = YES_AGGRESSIVE;
				CLANG_CXX_LANGUAGE_STANDARD = "gnu++20";
				CLANG_ENABLE_MODULES = YES;
				CLANG_ENABLE_OBJC_ARC = YES;
				CLANG_ENABLE_OBJC_WEAK = YES;
				CLANG_WARN_BLOCK_CAPTURE_AUTORELEASING = YES;
				CLANG_WARN_BOOL_CONVERSION = YES;
				CLANG_WARN_COMMA = YES;
				CLANG_WARN_CONSTANT_CONVERSION = YES;
				CLANG_WARN_DEPRECATED_OBJC_IMPLEMENTATIONS = YES;
				CLANG_WARN_DIRECT_OBJC_ISA_USAGE = YES_ERROR;
				CLANG_WARN_DOCUMENTATION_COMMENTS = YES;
				CLANG_WARN_EMPTY_BODY = YES;
				CLANG_WARN_ENUM_CONVERSION = YES;
				CLANG_WARN_INFINITE_RECURSION = YES;
				CLANG_WARN_INT_CONVERSION = YES;
				CLANG_WARN_NON_LITERAL_NULL_CONVERSION = YES;
				CLANG_WARN_OBJC_IMPLICIT_RETAIN_SELF = YES;
				CLANG_WARN_OBJC_LITERAL_CONVERSION = YES;
				CLANG_WARN_OBJC_ROOT_CLASS = YES_ERROR;
				CLANG_WARN_QUOTED_INCLUDE_IN_FRAMEWORK_HEADER = YES;
				CLANG_WARN_RANGE_LOOP_ANALYSIS = YES;
				CLANG_WARN_STRICT_PROTOTYPES = YES;
				CLANG_WARN_SUSPICIOUS_MOVE = YES;
				CLANG_WARN_UNGUARDED_AVAILABILITY = YES_AGGRESSIVE;
				CLANG_WARN_UNREACHABLE_CODE = YES;
				CLANG_WARN__DUPLICATE_METHOD_MATCH = YES;
				COPY_PHASE_STRIP = NO;
				DEBUG_INFORMATION_FORMAT = "dwarf-with-dsym";
				ENABLE_NS_ASSERTIONS = NO;
				ENABLE_STRICT_OBJC_MSGSEND = YES;
				GCC_C_LANGUAGE_STANDARD = gnu11;
				GCC_NO_COMMON_BLOCKS = YES;
				GCC_WARN_64_TO_32_BIT_CONVERSION = YES;
				GCC_WARN_ABOUT_RETURN_TYPE = YES_ERROR;
				GCC_WARN_UNDECLARED_SELECTOR = YES;
				GCC_WARN_UNINITIALIZED_AUTOS = YES_AGGRESSIVE;
				GCC_WARN_UNUSED_FUNCTION = YES;
				GCC_WARN_UNUSED_VARIABLE = YES;
				IPHONEOS_DEPLOYMENT_TARGET = 16.2;
				MTL_ENABLE_DEBUG_INFO = NO;
				MTL_FAST_MATH = YES;
				SDKROOT = iphoneos;
				SWIFT_COMPILATION_MODE = wholemodule;
				SWIFT_OPTIMIZATION_LEVEL = "-O";
				VALIDATE_PRODUCT = YES;
			};
			name = Release;
		};
		2DD6013C29D6DAEA00FEC7F2 /* Debug */ = {
			isa = XCBuildConfiguration;
			buildSettings = {
				ASSETCATALOG_COMPILER_APPICON_NAME = AppIcon;
				ASSETCATALOG_COMPILER_GLOBAL_ACCENT_COLOR_NAME = AccentColor;
				CODE_SIGN_STYLE = Automatic;
				CURRENT_PROJECT_VERSION = 1;
				DEVELOPMENT_TEAM = 7FMDEPCZKJ;
				GENERATE_INFOPLIST_FILE = YES;
				INFOPLIST_FILE = TelTechApp/Info.plist;
				INFOPLIST_KEY_UIApplicationSupportsIndirectInputEvents = YES;
				INFOPLIST_KEY_UILaunchStoryboardName = LaunchScreen;
				INFOPLIST_KEY_UIMainStoryboardFile = Main;
				INFOPLIST_KEY_UISupportedInterfaceOrientations_iPad = "UIInterfaceOrientationPortrait UIInterfaceOrientationPortraitUpsideDown UIInterfaceOrientationLandscapeLeft UIInterfaceOrientationLandscapeRight";
				INFOPLIST_KEY_UISupportedInterfaceOrientations_iPhone = "UIInterfaceOrientationPortrait UIInterfaceOrientationLandscapeLeft UIInterfaceOrientationLandscapeRight";
				LD_RUNPATH_SEARCH_PATHS = (
					"$(inherited)",
					"@executable_path/Frameworks",
				);
				MARKETING_VERSION = 1.0;
				PRODUCT_BUNDLE_IDENTIFIER = com.progressioapps.TelTechApp;
				PRODUCT_NAME = "$(TARGET_NAME)";
				SWIFT_EMIT_LOC_STRINGS = YES;
				SWIFT_VERSION = 5.0;
				TARGETED_DEVICE_FAMILY = "1,2";
			};
			name = Debug;
		};
		2DD6013D29D6DAEA00FEC7F2 /* Release */ = {
			isa = XCBuildConfiguration;
			buildSettings = {
				ASSETCATALOG_COMPILER_APPICON_NAME = AppIcon;
				ASSETCATALOG_COMPILER_GLOBAL_ACCENT_COLOR_NAME = AccentColor;
				CODE_SIGN_STYLE = Automatic;
				CURRENT_PROJECT_VERSION = 1;
				DEVELOPMENT_TEAM = 7FMDEPCZKJ;
				GENERATE_INFOPLIST_FILE = YES;
				INFOPLIST_FILE = TelTechApp/Info.plist;
				INFOPLIST_KEY_UIApplicationSupportsIndirectInputEvents = YES;
				INFOPLIST_KEY_UILaunchStoryboardName = LaunchScreen;
				INFOPLIST_KEY_UIMainStoryboardFile = Main;
				INFOPLIST_KEY_UISupportedInterfaceOrientations_iPad = "UIInterfaceOrientationPortrait UIInterfaceOrientationPortraitUpsideDown UIInterfaceOrientationLandscapeLeft UIInterfaceOrientationLandscapeRight";
				INFOPLIST_KEY_UISupportedInterfaceOrientations_iPhone = "UIInterfaceOrientationPortrait UIInterfaceOrientationLandscapeLeft UIInterfaceOrientationLandscapeRight";
				LD_RUNPATH_SEARCH_PATHS = (
					"$(inherited)",
					"@executable_path/Frameworks",
				);
				MARKETING_VERSION = 1.0;
				PRODUCT_BUNDLE_IDENTIFIER = com.progressioapps.TelTechApp;
				PRODUCT_NAME = "$(TARGET_NAME)";
				SWIFT_EMIT_LOC_STRINGS = YES;
				SWIFT_VERSION = 5.0;
				TARGETED_DEVICE_FAMILY = "1,2";
			};
			name = Release;
		};
		2DD6013F29D6DAEA00FEC7F2 /* Debug */ = {
			isa = XCBuildConfiguration;
			buildSettings = {
				ALWAYS_EMBED_SWIFT_STANDARD_LIBRARIES = YES;
				BUNDLE_LOADER = "$(TEST_HOST)";
				CODE_SIGN_STYLE = Automatic;
				CURRENT_PROJECT_VERSION = 1;
				DEVELOPMENT_TEAM = 7FMDEPCZKJ;
				GENERATE_INFOPLIST_FILE = YES;
				IPHONEOS_DEPLOYMENT_TARGET = 16.2;
				MARKETING_VERSION = 1.0;
				PRODUCT_BUNDLE_IDENTIFIER = com.progressioapps.TelTechAppTests;
				PRODUCT_NAME = "$(TARGET_NAME)";
				SWIFT_EMIT_LOC_STRINGS = NO;
				SWIFT_VERSION = 5.0;
				TARGETED_DEVICE_FAMILY = "1,2";
				TEST_HOST = "$(BUILT_PRODUCTS_DIR)/TelTechApp.app/$(BUNDLE_EXECUTABLE_FOLDER_PATH)/TelTechApp";
			};
			name = Debug;
		};
		2DD6014029D6DAEA00FEC7F2 /* Release */ = {
			isa = XCBuildConfiguration;
			buildSettings = {
				ALWAYS_EMBED_SWIFT_STANDARD_LIBRARIES = YES;
				BUNDLE_LOADER = "$(TEST_HOST)";
				CODE_SIGN_STYLE = Automatic;
				CURRENT_PROJECT_VERSION = 1;
				DEVELOPMENT_TEAM = 7FMDEPCZKJ;
				GENERATE_INFOPLIST_FILE = YES;
				IPHONEOS_DEPLOYMENT_TARGET = 16.2;
				MARKETING_VERSION = 1.0;
				PRODUCT_BUNDLE_IDENTIFIER = com.progressioapps.TelTechAppTests;
				PRODUCT_NAME = "$(TARGET_NAME)";
				SWIFT_EMIT_LOC_STRINGS = NO;
				SWIFT_VERSION = 5.0;
				TARGETED_DEVICE_FAMILY = "1,2";
				TEST_HOST = "$(BUILT_PRODUCTS_DIR)/TelTechApp.app/$(BUNDLE_EXECUTABLE_FOLDER_PATH)/TelTechApp";
			};
			name = Release;
		};
		2DD6014229D6DAEA00FEC7F2 /* Debug */ = {
			isa = XCBuildConfiguration;
			buildSettings = {
				ALWAYS_EMBED_SWIFT_STANDARD_LIBRARIES = YES;
				CODE_SIGN_STYLE = Automatic;
				CURRENT_PROJECT_VERSION = 1;
				DEVELOPMENT_TEAM = 7FMDEPCZKJ;
				GENERATE_INFOPLIST_FILE = YES;
				MARKETING_VERSION = 1.0;
				PRODUCT_BUNDLE_IDENTIFIER = com.progressioapps.TelTechAppUITests;
				PRODUCT_NAME = "$(TARGET_NAME)";
				SWIFT_EMIT_LOC_STRINGS = NO;
				SWIFT_VERSION = 5.0;
				TARGETED_DEVICE_FAMILY = "1,2";
				TEST_TARGET_NAME = TelTechApp;
			};
			name = Debug;
		};
		2DD6014329D6DAEA00FEC7F2 /* Release */ = {
			isa = XCBuildConfiguration;
			buildSettings = {
				ALWAYS_EMBED_SWIFT_STANDARD_LIBRARIES = YES;
				CODE_SIGN_STYLE = Automatic;
				CURRENT_PROJECT_VERSION = 1;
				DEVELOPMENT_TEAM = 7FMDEPCZKJ;
				GENERATE_INFOPLIST_FILE = YES;
				MARKETING_VERSION = 1.0;
				PRODUCT_BUNDLE_IDENTIFIER = com.progressioapps.TelTechAppUITests;
				PRODUCT_NAME = "$(TARGET_NAME)";
				SWIFT_EMIT_LOC_STRINGS = NO;
				SWIFT_VERSION = 5.0;
				TARGETED_DEVICE_FAMILY = "1,2";
				TEST_TARGET_NAME = TelTechApp;
			};
			name = Release;
		};
/* End XCBuildConfiguration section */

/* Begin XCConfigurationList section */
		2DD6010C29D6DAE800FEC7F2 /* Build configuration list for PBXProject "TelTechApp" */ = {
			isa = XCConfigurationList;
			buildConfigurations = (
				2DD6013929D6DAEA00FEC7F2 /* Debug */,
				2DD6013A29D6DAEA00FEC7F2 /* Release */,
			);
			defaultConfigurationIsVisible = 0;
			defaultConfigurationName = Release;
		};
		2DD6013B29D6DAEA00FEC7F2 /* Build configuration list for PBXNativeTarget "TelTechApp" */ = {
			isa = XCConfigurationList;
			buildConfigurations = (
				2DD6013C29D6DAEA00FEC7F2 /* Debug */,
				2DD6013D29D6DAEA00FEC7F2 /* Release */,
			);
			defaultConfigurationIsVisible = 0;
			defaultConfigurationName = Release;
		};
		2DD6013E29D6DAEA00FEC7F2 /* Build configuration list for PBXNativeTarget "TelTechAppTests" */ = {
			isa = XCConfigurationList;
			buildConfigurations = (
				2DD6013F29D6DAEA00FEC7F2 /* Debug */,
				2DD6014029D6DAEA00FEC7F2 /* Release */,
			);
			defaultConfigurationIsVisible = 0;
			defaultConfigurationName = Release;
		};
		2DD6014129D6DAEA00FEC7F2 /* Build configuration list for PBXNativeTarget "TelTechAppUITests" */ = {
			isa = XCConfigurationList;
			buildConfigurations = (
				2DD6014229D6DAEA00FEC7F2 /* Debug */,
				2DD6014329D6DAEA00FEC7F2 /* Release */,
			);
			defaultConfigurationIsVisible = 0;
			defaultConfigurationName = Release;
		};
/* End XCConfigurationList section */
	};
	rootObject = 2DD6010929D6DAE800FEC7F2 /* Project object */;
}
