// !$*UTF8*$!
{
	archiveVersion = 1;
	classes = {
	};
	objectVersion = 56;
	objects = {

/* Begin PBXBuildFile section */
		2DB01CC929D869B10096497C /* NetworkLayerService.swift in Sources */ = {isa = PBXBuildFile; fileRef = 2DB01C9029D869B10096497C /* NetworkLayerService.swift */; };
		2DB01CCA29D869B10096497C /* AppCoordinator.swift in Sources */ = {isa = PBXBuildFile; fileRef = 2DB01C9229D869B10096497C /* AppCoordinator.swift */; };
		2DB01CCB29D869B10096497C /* Constants.swift in Sources */ = {isa = PBXBuildFile; fileRef = 2DB01C9429D869B10096497C /* Constants.swift */; };
		2DB01CCD29D869B10096497C /* String+Extensions.swift in Sources */ = {isa = PBXBuildFile; fileRef = 2DB01C9729D869B10096497C /* String+Extensions.swift */; };
		2DB01CCE29D869B10096497C /* Reachability+Extensions.swift in Sources */ = {isa = PBXBuildFile; fileRef = 2DB01C9829D869B10096497C /* Reachability+Extensions.swift */; };
		2DB01CCF29D869B10096497C /* Reachability.swift in Sources */ = {isa = PBXBuildFile; fileRef = 2DB01C9A29D869B10096497C /* Reachability.swift */; };
		2DB01CD029D869B10096497C /* KeyboardObserver.swift in Sources */ = {isa = PBXBuildFile; fileRef = 2DB01C9C29D869B10096497C /* KeyboardObserver.swift */; };
		2DB01CD329D869B10096497C /* NetworkResponse.swift in Sources */ = {isa = PBXBuildFile; fileRef = 2DB01CA229D869B10096497C /* NetworkResponse.swift */; };
		2DB01CD429D869B10096497C /* HTTPRequest.swift in Sources */ = {isa = PBXBuildFile; fileRef = 2DB01CA329D869B10096497C /* HTTPRequest.swift */; };
		2DB01CDD29D869B10096497C /* Requestable.swift in Sources */ = {isa = PBXBuildFile; fileRef = 2DB01CAF29D869B10096497C /* Requestable.swift */; };
		2DB01CDF29D869B10096497C /* ErrorHandlerProtocol.swift in Sources */ = {isa = PBXBuildFile; fileRef = 2DB01CB129D869B10096497C /* ErrorHandlerProtocol.swift */; };
		2DB01CE029D869B10096497C /* Configurable.swift in Sources */ = {isa = PBXBuildFile; fileRef = 2DB01CB229D869B10096497C /* Configurable.swift */; };
		2DB01CE129D869B10096497C /* Reusable.swift in Sources */ = {isa = PBXBuildFile; fileRef = 2DB01CB329D869B10096497C /* Reusable.swift */; };
		2DB01CE229D869B10096497C /* NavigationBarProtocol.swift in Sources */ = {isa = PBXBuildFile; fileRef = 2DB01CB429D869B10096497C /* NavigationBarProtocol.swift */; };
		2DB01CE329D869B10096497C /* Presentable.swift in Sources */ = {isa = PBXBuildFile; fileRef = 2DB01CB529D869B10096497C /* Presentable.swift */; };
		2DB01CE429D869B10096497C /* ActivityIndicatorPresentable.swift in Sources */ = {isa = PBXBuildFile; fileRef = 2DB01CB629D869B10096497C /* ActivityIndicatorPresentable.swift */; };
		2DB01CE629D869B10096497C /* ViewStyleable.swift in Sources */ = {isa = PBXBuildFile; fileRef = 2DB01CB829D869B10096497C /* ViewStyleable.swift */; };
		2DB01CE729D869B10096497C /* IDable.swift in Sources */ = {isa = PBXBuildFile; fileRef = 2DB01CB929D869B10096497C /* IDable.swift */; };
		2DB01CE829D869B10096497C /* Loadable.swift in Sources */ = {isa = PBXBuildFile; fileRef = 2DB01CBA29D869B10096497C /* Loadable.swift */; };
		2DB01CE929D869B10096497C /* Utility.swift in Sources */ = {isa = PBXBuildFile; fileRef = 2DB01CBC29D869B10096497C /* Utility.swift */; };
		2DB01CEC29D869B10096497C /* Assets.xcassets in Resources */ = {isa = PBXBuildFile; fileRef = 2DB01CC429D869B10096497C /* Assets.xcassets */; };
		2DB01CED29D869B10096497C /* Localizable.strings in Resources */ = {isa = PBXBuildFile; fileRef = 2DB01CC629D869B10096497C /* Localizable.strings */; };
		2DB01CF029D879200096497C /* URLFormatter.swift in Sources */ = {isa = PBXBuildFile; fileRef = 2DB01CEF29D879200096497C /* URLFormatter.swift */; };
		2DB01CF329D879600096497C /* teltechians.json in Resources */ = {isa = PBXBuildFile; fileRef = 2DB01CF229D879600096497C /* teltechians.json */; };
		2DB01CF529D87B2B0096497C /* Employee.swift in Sources */ = {isa = PBXBuildFile; fileRef = 2DB01CF429D87B2B0096497C /* Employee.swift */; };
		2DB01CF729D87C8B0096497C /* EmployeesRepository.swift in Sources */ = {isa = PBXBuildFile; fileRef = 2DB01CF629D87C8B0096497C /* EmployeesRepository.swift */; };
		2DB01D0429D885C90096497C /* EmployeeListViewModel.swift in Sources */ = {isa = PBXBuildFile; fileRef = 2DB01D0329D885C90096497C /* EmployeeListViewModel.swift */; };
		2DB01D0629D886890096497C /* EmployeeCellViewModel.swift in Sources */ = {isa = PBXBuildFile; fileRef = 2DB01D0529D886890096497C /* EmployeeCellViewModel.swift */; };
		2DB01D0829D9B8E50096497C /* EmployeeListDataSource.swift in Sources */ = {isa = PBXBuildFile; fileRef = 2DB01D0729D9B8E50096497C /* EmployeeListDataSource.swift */; };
		2DB01D0A29D9BB450096497C /* EmployeeListViewController.swift in Sources */ = {isa = PBXBuildFile; fileRef = 2DB01D0929D9BB450096497C /* EmployeeListViewController.swift */; };
		2DB01D0C29DA0D7A0096497C /* EmployeesCoordinator.swift in Sources */ = {isa = PBXBuildFile; fileRef = 2DB01D0B29DA0D7A0096497C /* EmployeesCoordinator.swift */; };
		2DB01D0F29DA14200096497C /* DecodedArray.swift in Sources */ = {isa = PBXBuildFile; fileRef = 2DB01D0E29DA14200096497C /* DecodedArray.swift */; };
		2DB01D1229DA16390096497C /* SnapKit in Frameworks */ = {isa = PBXBuildFile; productRef = 2DB01D1129DA16390096497C /* SnapKit */; };
		2DB01D1429DA17000096497C /* EmployeeListCell.swift in Sources */ = {isa = PBXBuildFile; fileRef = 2DB01D1329DA17000096497C /* EmployeeListCell.swift */; };
		2DB01D1629DA22830096497C /* EmployeeDetailsViewController.swift in Sources */ = {isa = PBXBuildFile; fileRef = 2DB01D1529DA22830096497C /* EmployeeDetailsViewController.swift */; };
		2DB01D1829DA228F0096497C /* EmployeeDetailsViewModel.swift in Sources */ = {isa = PBXBuildFile; fileRef = 2DB01D1729DA228F0096497C /* EmployeeDetailsViewModel.swift */; };
		2DB01D1A29DA22AA0096497C /* EmployeeDetailsCell.swift in Sources */ = {isa = PBXBuildFile; fileRef = 2DB01D1929DA22AA0096497C /* EmployeeDetailsCell.swift */; };
		2DB01D1C29DA25660096497C /* EmployeeDetailsHeaderView.swift in Sources */ = {isa = PBXBuildFile; fileRef = 2DB01D1B29DA25660096497C /* EmployeeDetailsHeaderView.swift */; };
		2DB01D1E29DA25B10096497C /* EmployeeDetailsCellViewModel.swift in Sources */ = {isa = PBXBuildFile; fileRef = 2DB01D1D29DA25B10096497C /* EmployeeDetailsCellViewModel.swift */; };
		2DB01D2029DA27620096497C /* EmployeeDetailsHeaderViewModel.swift in Sources */ = {isa = PBXBuildFile; fileRef = 2DB01D1F29DA27620096497C /* EmployeeDetailsHeaderViewModel.swift */; };
		2DB01D2229DA28580096497C /* EmployeeItemProtocol.swift in Sources */ = {isa = PBXBuildFile; fileRef = 2DB01D2129DA28580096497C /* EmployeeItemProtocol.swift */; };
		2DB01D2529DA2B270096497C /* EmployeeDetailsDataSource.swift in Sources */ = {isa = PBXBuildFile; fileRef = 2DB01D2429DA2B270096497C /* EmployeeDetailsDataSource.swift */; };
		2DB01D2929DABEDF0096497C /* EmployeesLocalStorageService.swift in Sources */ = {isa = PBXBuildFile; fileRef = 2DB01D2829DABEDF0096497C /* EmployeesLocalStorageService.swift */; };
		2DB01D2B29DAC24E0096497C /* FilesManagerProtocol.swift in Sources */ = {isa = PBXBuildFile; fileRef = 2DB01D2A29DAC24E0096497C /* FilesManagerProtocol.swift */; };
		2DB01D2E29DAC26E0096497C /* FilesManager.swift in Sources */ = {isa = PBXBuildFile; fileRef = 2DB01D2D29DAC26E0096497C /* FilesManager.swift */; };
		2DB01D3029DAD37D0096497C /* Capitalized.swift in Sources */ = {isa = PBXBuildFile; fileRef = 2DB01D2F29DAD37D0096497C /* Capitalized.swift */; };
		2DB01D3229DAD4510096497C /* ViewControllerProtocol.swift in Sources */ = {isa = PBXBuildFile; fileRef = 2DB01D3129DAD4510096497C /* ViewControllerProtocol.swift */; };
		2DB01D3429DADA830096497C /* EmployeesLocalStorageServiceTests.swift in Sources */ = {isa = PBXBuildFile; fileRef = 2DB01D3329DADA830096497C /* EmployeesLocalStorageServiceTests.swift */; };
		2DB01D3629DADEE70096497C /* FileManagerTests.swift in Sources */ = {isa = PBXBuildFile; fileRef = 2DB01D3529DADEE70096497C /* FileManagerTests.swift */; };
		2DB01D3A29DAEC8E0096497C /* RoundedImageView.swift in Sources */ = {isa = PBXBuildFile; fileRef = 2DB01D3929DAEC8E0096497C /* RoundedImageView.swift */; };
		2DD6011529D6DAE800FEC7F2 /* AppDelegate.swift in Sources */ = {isa = PBXBuildFile; fileRef = 2DD6011429D6DAE800FEC7F2 /* AppDelegate.swift */; };
		2DD6011929D6DAE800FEC7F2 /* ViewController.swift in Sources */ = {isa = PBXBuildFile; fileRef = 2DD6011829D6DAE800FEC7F2 /* ViewController.swift */; };
		2DD6011C29D6DAE800FEC7F2 /* Main.storyboard in Resources */ = {isa = PBXBuildFile; fileRef = 2DD6011A29D6DAE800FEC7F2 /* Main.storyboard */; };
		2DD6012129D6DAEA00FEC7F2 /* LaunchScreen.storyboard in Resources */ = {isa = PBXBuildFile; fileRef = 2DD6011F29D6DAEA00FEC7F2 /* LaunchScreen.storyboard */; };
		2DD6012C29D6DAEA00FEC7F2 /* TelTechAppTests.swift in Sources */ = {isa = PBXBuildFile; fileRef = 2DD6012B29D6DAEA00FEC7F2 /* TelTechAppTests.swift */; };
		2DD6013629D6DAEA00FEC7F2 /* TelTechAppUITests.swift in Sources */ = {isa = PBXBuildFile; fileRef = 2DD6013529D6DAEA00FEC7F2 /* TelTechAppUITests.swift */; };
		2DD6013829D6DAEA00FEC7F2 /* TelTechAppUITestsLaunchTests.swift in Sources */ = {isa = PBXBuildFile; fileRef = 2DD6013729D6DAEA00FEC7F2 /* TelTechAppUITestsLaunchTests.swift */; };
/* End PBXBuildFile section */

/* Begin PBXContainerItemProxy section */
		2DD6012829D6DAEA00FEC7F2 /* PBXContainerItemProxy */ = {
			isa = PBXContainerItemProxy;
			containerPortal = 2DD6010929D6DAE800FEC7F2 /* Project object */;
			proxyType = 1;
			remoteGlobalIDString = 2DD6011029D6DAE800FEC7F2;
			remoteInfo = TelTechApp;
		};
		2DD6013229D6DAEA00FEC7F2 /* PBXContainerItemProxy */ = {
			isa = PBXContainerItemProxy;
			containerPortal = 2DD6010929D6DAE800FEC7F2 /* Project object */;
			proxyType = 1;
			remoteGlobalIDString = 2DD6011029D6DAE800FEC7F2;
			remoteInfo = TelTechApp;
		};
/* End PBXContainerItemProxy section */

/* Begin PBXFileReference section */
		2DB01C9029D869B10096497C /* NetworkLayerService.swift */ = {isa = PBXFileReference; fileEncoding = 4; lastKnownFileType = sourcecode.swift; path = NetworkLayerService.swift; sourceTree = "<group>"; };
		2DB01C9229D869B10096497C /* AppCoordinator.swift */ = {isa = PBXFileReference; fileEncoding = 4; lastKnownFileType = sourcecode.swift; path = AppCoordinator.swift; sourceTree = "<group>"; };
		2DB01C9429D869B10096497C /* Constants.swift */ = {isa = PBXFileReference; fileEncoding = 4; lastKnownFileType = sourcecode.swift; path = Constants.swift; sourceTree = "<group>"; };
		2DB01C9729D869B10096497C /* String+Extensions.swift */ = {isa = PBXFileReference; fileEncoding = 4; lastKnownFileType = sourcecode.swift; path = "String+Extensions.swift"; sourceTree = "<group>"; };
		2DB01C9829D869B10096497C /* Reachability+Extensions.swift */ = {isa = PBXFileReference; fileEncoding = 4; lastKnownFileType = sourcecode.swift; path = "Reachability+Extensions.swift"; sourceTree = "<group>"; };
		2DB01C9A29D869B10096497C /* Reachability.swift */ = {isa = PBXFileReference; fileEncoding = 4; lastKnownFileType = sourcecode.swift; path = Reachability.swift; sourceTree = "<group>"; };
		2DB01C9C29D869B10096497C /* KeyboardObserver.swift */ = {isa = PBXFileReference; fileEncoding = 4; lastKnownFileType = sourcecode.swift; path = KeyboardObserver.swift; sourceTree = "<group>"; };
		2DB01CA229D869B10096497C /* NetworkResponse.swift */ = {isa = PBXFileReference; fileEncoding = 4; lastKnownFileType = sourcecode.swift; path = NetworkResponse.swift; sourceTree = "<group>"; };
		2DB01CA329D869B10096497C /* HTTPRequest.swift */ = {isa = PBXFileReference; fileEncoding = 4; lastKnownFileType = sourcecode.swift; path = HTTPRequest.swift; sourceTree = "<group>"; };
		2DB01CAF29D869B10096497C /* Requestable.swift */ = {isa = PBXFileReference; fileEncoding = 4; lastKnownFileType = sourcecode.swift; path = Requestable.swift; sourceTree = "<group>"; };
		2DB01CB129D869B10096497C /* ErrorHandlerProtocol.swift */ = {isa = PBXFileReference; fileEncoding = 4; lastKnownFileType = sourcecode.swift; path = ErrorHandlerProtocol.swift; sourceTree = "<group>"; };
		2DB01CB229D869B10096497C /* Configurable.swift */ = {isa = PBXFileReference; fileEncoding = 4; lastKnownFileType = sourcecode.swift; path = Configurable.swift; sourceTree = "<group>"; };
		2DB01CB329D869B10096497C /* Reusable.swift */ = {isa = PBXFileReference; fileEncoding = 4; lastKnownFileType = sourcecode.swift; path = Reusable.swift; sourceTree = "<group>"; };
		2DB01CB429D869B10096497C /* NavigationBarProtocol.swift */ = {isa = PBXFileReference; fileEncoding = 4; lastKnownFileType = sourcecode.swift; path = NavigationBarProtocol.swift; sourceTree = "<group>"; };
		2DB01CB529D869B10096497C /* Presentable.swift */ = {isa = PBXFileReference; fileEncoding = 4; lastKnownFileType = sourcecode.swift; path = Presentable.swift; sourceTree = "<group>"; };
		2DB01CB629D869B10096497C /* ActivityIndicatorPresentable.swift */ = {isa = PBXFileReference; fileEncoding = 4; lastKnownFileType = sourcecode.swift; path = ActivityIndicatorPresentable.swift; sourceTree = "<group>"; };
		2DB01CB829D869B10096497C /* ViewStyleable.swift */ = {isa = PBXFileReference; fileEncoding = 4; lastKnownFileType = sourcecode.swift; path = ViewStyleable.swift; sourceTree = "<group>"; };
		2DB01CB929D869B10096497C /* IDable.swift */ = {isa = PBXFileReference; fileEncoding = 4; lastKnownFileType = sourcecode.swift; path = IDable.swift; sourceTree = "<group>"; };
		2DB01CBA29D869B10096497C /* Loadable.swift */ = {isa = PBXFileReference; fileEncoding = 4; lastKnownFileType = sourcecode.swift; path = Loadable.swift; sourceTree = "<group>"; };
		2DB01CBC29D869B10096497C /* Utility.swift */ = {isa = PBXFileReference; fileEncoding = 4; lastKnownFileType = sourcecode.swift; path = Utility.swift; sourceTree = "<group>"; };
		2DB01CC429D869B10096497C /* Assets.xcassets */ = {isa = PBXFileReference; lastKnownFileType = folder.assetcatalog; path = Assets.xcassets; sourceTree = "<group>"; };
		2DB01CC629D869B10096497C /* Localizable.strings */ = {isa = PBXFileReference; fileEncoding = 4; lastKnownFileType = text.plist.strings; path = Localizable.strings; sourceTree = "<group>"; };
		2DB01CEF29D879200096497C /* URLFormatter.swift */ = {isa = PBXFileReference; lastKnownFileType = sourcecode.swift; path = URLFormatter.swift; sourceTree = "<group>"; };
		2DB01CF229D879600096497C /* teltechians.json */ = {isa = PBXFileReference; fileEncoding = 4; lastKnownFileType = text.json; path = teltechians.json; sourceTree = "<group>"; };
		2DB01CF429D87B2B0096497C /* Employee.swift */ = {isa = PBXFileReference; lastKnownFileType = sourcecode.swift; path = Employee.swift; sourceTree = "<group>"; };
		2DB01CF629D87C8B0096497C /* EmployeesRepository.swift */ = {isa = PBXFileReference; lastKnownFileType = sourcecode.swift; path = EmployeesRepository.swift; sourceTree = "<group>"; };
		2DB01D0329D885C90096497C /* EmployeeListViewModel.swift */ = {isa = PBXFileReference; lastKnownFileType = sourcecode.swift; path = EmployeeListViewModel.swift; sourceTree = "<group>"; };
		2DB01D0529D886890096497C /* EmployeeCellViewModel.swift */ = {isa = PBXFileReference; lastKnownFileType = sourcecode.swift; path = EmployeeCellViewModel.swift; sourceTree = "<group>"; };
		2DB01D0729D9B8E50096497C /* EmployeeListDataSource.swift */ = {isa = PBXFileReference; lastKnownFileType = sourcecode.swift; path = EmployeeListDataSource.swift; sourceTree = "<group>"; };
		2DB01D0929D9BB450096497C /* EmployeeListViewController.swift */ = {isa = PBXFileReference; lastKnownFileType = sourcecode.swift; path = EmployeeListViewController.swift; sourceTree = "<group>"; };
		2DB01D0B29DA0D7A0096497C /* EmployeesCoordinator.swift */ = {isa = PBXFileReference; lastKnownFileType = sourcecode.swift; path = EmployeesCoordinator.swift; sourceTree = "<group>"; };
		2DB01D0E29DA14200096497C /* DecodedArray.swift */ = {isa = PBXFileReference; lastKnownFileType = sourcecode.swift; path = DecodedArray.swift; sourceTree = "<group>"; };
		2DB01D1329DA17000096497C /* EmployeeListCell.swift */ = {isa = PBXFileReference; lastKnownFileType = sourcecode.swift; path = EmployeeListCell.swift; sourceTree = "<group>"; };
		2DB01D1529DA22830096497C /* EmployeeDetailsViewController.swift */ = {isa = PBXFileReference; lastKnownFileType = sourcecode.swift; path = EmployeeDetailsViewController.swift; sourceTree = "<group>"; };
		2DB01D1729DA228F0096497C /* EmployeeDetailsViewModel.swift */ = {isa = PBXFileReference; lastKnownFileType = sourcecode.swift; path = EmployeeDetailsViewModel.swift; sourceTree = "<group>"; };
		2DB01D1929DA22AA0096497C /* EmployeeDetailsCell.swift */ = {isa = PBXFileReference; lastKnownFileType = sourcecode.swift; path = EmployeeDetailsCell.swift; sourceTree = "<group>"; };
		2DB01D1B29DA25660096497C /* EmployeeDetailsHeaderView.swift */ = {isa = PBXFileReference; lastKnownFileType = sourcecode.swift; path = EmployeeDetailsHeaderView.swift; sourceTree = "<group>"; };
		2DB01D1D29DA25B10096497C /* EmployeeDetailsCellViewModel.swift */ = {isa = PBXFileReference; lastKnownFileType = sourcecode.swift; path = EmployeeDetailsCellViewModel.swift; sourceTree = "<group>"; };
		2DB01D1F29DA27620096497C /* EmployeeDetailsHeaderViewModel.swift */ = {isa = PBXFileReference; lastKnownFileType = sourcecode.swift; path = EmployeeDetailsHeaderViewModel.swift; sourceTree = "<group>"; };
		2DB01D2129DA28580096497C /* EmployeeItemProtocol.swift */ = {isa = PBXFileReference; lastKnownFileType = sourcecode.swift; path = EmployeeItemProtocol.swift; sourceTree = "<group>"; };
		2DB01D2429DA2B270096497C /* EmployeeDetailsDataSource.swift */ = {isa = PBXFileReference; lastKnownFileType = sourcecode.swift; path = EmployeeDetailsDataSource.swift; sourceTree = "<group>"; };
		2DB01D2829DABEDF0096497C /* EmployeesLocalStorageService.swift */ = {isa = PBXFileReference; lastKnownFileType = sourcecode.swift; path = EmployeesLocalStorageService.swift; sourceTree = "<group>"; };
		2DB01D2A29DAC24E0096497C /* FilesManagerProtocol.swift */ = {isa = PBXFileReference; lastKnownFileType = sourcecode.swift; path = FilesManagerProtocol.swift; sourceTree = "<group>"; };
		2DB01D2D29DAC26E0096497C /* FilesManager.swift */ = {isa = PBXFileReference; lastKnownFileType = sourcecode.swift; path = FilesManager.swift; sourceTree = "<group>"; };
		2DB01D2F29DAD37D0096497C /* Capitalized.swift */ = {isa = PBXFileReference; lastKnownFileType = sourcecode.swift; path = Capitalized.swift; sourceTree = "<group>"; };
		2DB01D3129DAD4510096497C /* ViewControllerProtocol.swift */ = {isa = PBXFileReference; lastKnownFileType = sourcecode.swift; path = ViewControllerProtocol.swift; sourceTree = "<group>"; };
		2DB01D3329DADA830096497C /* EmployeesLocalStorageServiceTests.swift */ = {isa = PBXFileReference; lastKnownFileType = sourcecode.swift; path = EmployeesLocalStorageServiceTests.swift; sourceTree = "<group>"; };
		2DB01D3529DADEE70096497C /* FileManagerTests.swift */ = {isa = PBXFileReference; lastKnownFileType = sourcecode.swift; path = FileManagerTests.swift; sourceTree = "<group>"; };
		2DB01D3929DAEC8E0096497C /* RoundedImageView.swift */ = {isa = PBXFileReference; lastKnownFileType = sourcecode.swift; path = RoundedImageView.swift; sourceTree = "<group>"; };
		2DD6011129D6DAE800FEC7F2 /* TelTechApp.app */ = {isa = PBXFileReference; explicitFileType = wrapper.application; includeInIndex = 0; path = TelTechApp.app; sourceTree = BUILT_PRODUCTS_DIR; };
		2DD6011429D6DAE800FEC7F2 /* AppDelegate.swift */ = {isa = PBXFileReference; lastKnownFileType = sourcecode.swift; path = AppDelegate.swift; sourceTree = "<group>"; };
		2DD6011829D6DAE800FEC7F2 /* ViewController.swift */ = {isa = PBXFileReference; lastKnownFileType = sourcecode.swift; path = ViewController.swift; sourceTree = "<group>"; };
		2DD6011B29D6DAE800FEC7F2 /* Base */ = {isa = PBXFileReference; lastKnownFileType = file.storyboard; name = Base; path = Base.lproj/Main.storyboard; sourceTree = "<group>"; };
		2DD6012029D6DAEA00FEC7F2 /* Base */ = {isa = PBXFileReference; lastKnownFileType = file.storyboard; name = Base; path = Base.lproj/LaunchScreen.storyboard; sourceTree = "<group>"; };
		2DD6012229D6DAEA00FEC7F2 /* Info.plist */ = {isa = PBXFileReference; lastKnownFileType = text.plist.xml; path = Info.plist; sourceTree = "<group>"; };
		2DD6012729D6DAEA00FEC7F2 /* TelTechAppTests.xctest */ = {isa = PBXFileReference; explicitFileType = wrapper.cfbundle; includeInIndex = 0; path = TelTechAppTests.xctest; sourceTree = BUILT_PRODUCTS_DIR; };
		2DD6012B29D6DAEA00FEC7F2 /* TelTechAppTests.swift */ = {isa = PBXFileReference; lastKnownFileType = sourcecode.swift; path = TelTechAppTests.swift; sourceTree = "<group>"; };
		2DD6013129D6DAEA00FEC7F2 /* TelTechAppUITests.xctest */ = {isa = PBXFileReference; explicitFileType = wrapper.cfbundle; includeInIndex = 0; path = TelTechAppUITests.xctest; sourceTree = BUILT_PRODUCTS_DIR; };
		2DD6013529D6DAEA00FEC7F2 /* TelTechAppUITests.swift */ = {isa = PBXFileReference; lastKnownFileType = sourcecode.swift; path = TelTechAppUITests.swift; sourceTree = "<group>"; };
		2DD6013729D6DAEA00FEC7F2 /* TelTechAppUITestsLaunchTests.swift */ = {isa = PBXFileReference; lastKnownFileType = sourcecode.swift; path = TelTechAppUITestsLaunchTests.swift; sourceTree = "<group>"; };
/* End PBXFileReference section */

/* Begin PBXFrameworksBuildPhase section */
		2DD6010E29D6DAE800FEC7F2 /* Frameworks */ = {
			isa = PBXFrameworksBuildPhase;
			buildActionMask = 2147483647;
			files = (
				2DB01D1229DA16390096497C /* SnapKit in Frameworks */,
			);
			runOnlyForDeploymentPostprocessing = 0;
		};
		2DD6012429D6DAEA00FEC7F2 /* Frameworks */ = {
			isa = PBXFrameworksBuildPhase;
			buildActionMask = 2147483647;
			files = (
			);
			runOnlyForDeploymentPostprocessing = 0;
		};
		2DD6012E29D6DAEA00FEC7F2 /* Frameworks */ = {
			isa = PBXFrameworksBuildPhase;
			buildActionMask = 2147483647;
			files = (
			);
			runOnlyForDeploymentPostprocessing = 0;
		};
/* End PBXFrameworksBuildPhase section */

/* Begin PBXGroup section */
		2DB01C8729D8698B0096497C /* AppDelegate */ = {
			isa = PBXGroup;
			children = (
				2DD6011429D6DAE800FEC7F2 /* AppDelegate.swift */,
			);
			path = AppDelegate;
			sourceTree = "<group>";
		};
		2DB01C8A29D869B10096497C /* Common */ = {
			isa = PBXGroup;
			children = (
				2DB01C9129D869B10096497C /* AppCoordinator */,
				2DB01C9329D869B10096497C /* Constants */,
				2DB01C9D29D869B10096497C /* Data */,
				2DB01D0D29DA14010096497C /* DecodedArray */,
				2DB01C9529D869B10096497C /* Extensions */,
				2DB01D2C29DAC2650096497C /* FileManager */,
				2DB01C8F29D869B10096497C /* NetworkLayerService */,
				2DB01C8B29D869B10096497C /* PropertyWrappers */,
				2DB01CAE29D869B10096497C /* Protocols */,
				2DB01C9B29D869B10096497C /* Publishers */,
				2DB01C9929D869B10096497C /* Reachability */,
				2DB01CBB29D869B10096497C /* Utility */,
				2DB01CAB29D869B10096497C /* Views */,
			);
			path = Common;
			sourceTree = "<group>";
		};
		2DB01C8B29D869B10096497C /* PropertyWrappers */ = {
			isa = PBXGroup;
			children = (
				2DB01CEF29D879200096497C /* URLFormatter.swift */,
				2DB01D2F29DAD37D0096497C /* Capitalized.swift */,
			);
			path = PropertyWrappers;
			sourceTree = "<group>";
		};
		2DB01C8F29D869B10096497C /* NetworkLayerService */ = {
			isa = PBXGroup;
			children = (
				2DB01C9029D869B10096497C /* NetworkLayerService.swift */,
			);
			path = NetworkLayerService;
			sourceTree = "<group>";
		};
		2DB01C9129D869B10096497C /* AppCoordinator */ = {
			isa = PBXGroup;
			children = (
				2DB01C9229D869B10096497C /* AppCoordinator.swift */,
			);
			path = AppCoordinator;
			sourceTree = "<group>";
		};
		2DB01C9329D869B10096497C /* Constants */ = {
			isa = PBXGroup;
			children = (
				2DB01C9429D869B10096497C /* Constants.swift */,
			);
			path = Constants;
			sourceTree = "<group>";
		};
		2DB01C9529D869B10096497C /* Extensions */ = {
			isa = PBXGroup;
			children = (
				2DB01C9729D869B10096497C /* String+Extensions.swift */,
				2DB01C9829D869B10096497C /* Reachability+Extensions.swift */,
			);
			path = Extensions;
			sourceTree = "<group>";
		};
		2DB01C9929D869B10096497C /* Reachability */ = {
			isa = PBXGroup;
			children = (
				2DB01C9A29D869B10096497C /* Reachability.swift */,
			);
			path = Reachability;
			sourceTree = "<group>";
		};
		2DB01C9B29D869B10096497C /* Publishers */ = {
			isa = PBXGroup;
			children = (
				2DB01C9C29D869B10096497C /* KeyboardObserver.swift */,
			);
			path = Publishers;
			sourceTree = "<group>";
		};
		2DB01C9D29D869B10096497C /* Data */ = {
			isa = PBXGroup;
			children = (
				2DB01CA829D869B10096497C /* DAL */,
				2DB01CA129D869B10096497C /* Model */,
				2DB01C9E29D869B10096497C /* Repository */,
			);
			path = Data;
			sourceTree = "<group>";
		};
		2DB01C9E29D869B10096497C /* Repository */ = {
			isa = PBXGroup;
			children = (
				2DB01CF629D87C8B0096497C /* EmployeesRepository.swift */,
			);
			path = Repository;
			sourceTree = "<group>";
		};
		2DB01CA129D869B10096497C /* Model */ = {
			isa = PBXGroup;
			children = (
				2DB01CF429D87B2B0096497C /* Employee.swift */,
				2DB01CA329D869B10096497C /* HTTPRequest.swift */,
				2DB01CA229D869B10096497C /* NetworkResponse.swift */,
			);
			path = Model;
			sourceTree = "<group>";
		};
		2DB01CA829D869B10096497C /* DAL */ = {
			isa = PBXGroup;
			children = (
				2DB01D2829DABEDF0096497C /* EmployeesLocalStorageService.swift */,
			);
			path = DAL;
			sourceTree = "<group>";
		};
		2DB01CAB29D869B10096497C /* Views */ = {
			isa = PBXGroup;
			children = (
				2DB01D3929DAEC8E0096497C /* RoundedImageView.swift */,
			);
			path = Views;
			sourceTree = "<group>";
		};
		2DB01CAE29D869B10096497C /* Protocols */ = {
			isa = PBXGroup;
			children = (
				2DB01CB629D869B10096497C /* ActivityIndicatorPresentable.swift */,
				2DB01CB229D869B10096497C /* Configurable.swift */,
				2DB01D2129DA28580096497C /* EmployeeItemProtocol.swift */,
				2DB01CB129D869B10096497C /* ErrorHandlerProtocol.swift */,
				2DB01D2A29DAC24E0096497C /* FilesManagerProtocol.swift */,
				2DB01CB929D869B10096497C /* IDable.swift */,
				2DB01CBA29D869B10096497C /* Loadable.swift */,
				2DB01CB429D869B10096497C /* NavigationBarProtocol.swift */,
				2DB01CB529D869B10096497C /* Presentable.swift */,
				2DB01CAF29D869B10096497C /* Requestable.swift */,
				2DB01CB329D869B10096497C /* Reusable.swift */,
				2DB01CB829D869B10096497C /* ViewStyleable.swift */,
				2DB01D3129DAD4510096497C /* ViewControllerProtocol.swift */,
			);
			path = Protocols;
			sourceTree = "<group>";
		};
		2DB01CBB29D869B10096497C /* Utility */ = {
			isa = PBXGroup;
			children = (
				2DB01CBC29D869B10096497C /* Utility.swift */,
			);
			path = Utility;
			sourceTree = "<group>";
		};
		2DB01CBD29D869B10096497C /* Resources */ = {
			isa = PBXGroup;
			children = (
				2DB01CC329D869B10096497C /* Assets */,
				2DB01CF129D879570096497C /* Data */,
				2DB01CC129D869B10096497C /* Info */,
				2DB01CBE29D869B10096497C /* LaunchScreen */,
				2DB01CC529D869B10096497C /* Translations */,
			);
			path = Resources;
			sourceTree = "<group>";
		};
		2DB01CBE29D869B10096497C /* LaunchScreen */ = {
			isa = PBXGroup;
			children = (
				2DD6011F29D6DAEA00FEC7F2 /* LaunchScreen.storyboard */,
			);
			path = LaunchScreen;
			sourceTree = "<group>";
		};
		2DB01CC129D869B10096497C /* Info */ = {
			isa = PBXGroup;
			children = (
				2DD6012229D6DAEA00FEC7F2 /* Info.plist */,
			);
			path = Info;
			sourceTree = "<group>";
		};
		2DB01CC329D869B10096497C /* Assets */ = {
			isa = PBXGroup;
			children = (
				2DB01CC429D869B10096497C /* Assets.xcassets */,
			);
			path = Assets;
			sourceTree = "<group>";
		};
		2DB01CC529D869B10096497C /* Translations */ = {
			isa = PBXGroup;
			children = (
				2DB01CC629D869B10096497C /* Localizable.strings */,
			);
			path = Translations;
			sourceTree = "<group>";
		};
		2DB01CEE29D869D10096497C /* Screens */ = {
			isa = PBXGroup;
			children = (
				2DB01CF829D883FC0096497C /* Employees */,
			);
			path = Screens;
			sourceTree = "<group>";
		};
		2DB01CF129D879570096497C /* Data */ = {
			isa = PBXGroup;
			children = (
				2DB01CF229D879600096497C /* teltechians.json */,
			);
			path = Data;
			sourceTree = "<group>";
		};
		2DB01CF829D883FC0096497C /* Employees */ = {
			isa = PBXGroup;
			children = (
				2DB01CF929D884040096497C /* Coordinator */,
				2DB01CFB29D884100096497C /* Details */,
				2DB01CFA29D8840B0096497C /* List */,
			);
			path = Employees;
			sourceTree = "<group>";
		};
		2DB01CF929D884040096497C /* Coordinator */ = {
			isa = PBXGroup;
			children = (
				2DB01D0B29DA0D7A0096497C /* EmployeesCoordinator.swift */,
			);
			path = Coordinator;
			sourceTree = "<group>";
		};
		2DB01CFA29D8840B0096497C /* List */ = {
			isa = PBXGroup;
			children = (
				2DB01CFF29D8841E0096497C /* Controller */,
				2DB01CFC29D884150096497C /* DataSource */,
				2DB01CFD29D884180096497C /* View */,
				2DB01CFE29D8841B0096497C /* ViewModel */,
			);
			path = List;
			sourceTree = "<group>";
		};
		2DB01CFB29D884100096497C /* Details */ = {
			isa = PBXGroup;
			children = (
				2DB01D0029D884380096497C /* Controller */,
				2DB01D2329DA2B160096497C /* DataSource */,
				2DB01D0229D884440096497C /* View */,
				2DB01D0129D8843E0096497C /* ViewModel */,
			);
			path = Details;
			sourceTree = "<group>";
		};
		2DB01CFC29D884150096497C /* DataSource */ = {
			isa = PBXGroup;
			children = (
				2DB01D0729D9B8E50096497C /* EmployeeListDataSource.swift */,
			);
			path = DataSource;
			sourceTree = "<group>";
		};
		2DB01CFD29D884180096497C /* View */ = {
			isa = PBXGroup;
			children = (
				2DB01D1329DA17000096497C /* EmployeeListCell.swift */,
			);
			path = View;
			sourceTree = "<group>";
		};
		2DB01CFE29D8841B0096497C /* ViewModel */ = {
			isa = PBXGroup;
			children = (
				2DB01D0529D886890096497C /* EmployeeCellViewModel.swift */,
				2DB01D0329D885C90096497C /* EmployeeListViewModel.swift */,
			);
			path = ViewModel;
			sourceTree = "<group>";
		};
		2DB01CFF29D8841E0096497C /* Controller */ = {
			isa = PBXGroup;
			children = (
				2DB01D0929D9BB450096497C /* EmployeeListViewController.swift */,
			);
			path = Controller;
			sourceTree = "<group>";
		};
		2DB01D0029D884380096497C /* Controller */ = {
			isa = PBXGroup;
			children = (
				2DB01D1529DA22830096497C /* EmployeeDetailsViewController.swift */,
			);
			path = Controller;
			sourceTree = "<group>";
		};
		2DB01D0129D8843E0096497C /* ViewModel */ = {
			isa = PBXGroup;
			children = (
				2DB01D1D29DA25B10096497C /* EmployeeDetailsCellViewModel.swift */,
				2DB01D1F29DA27620096497C /* EmployeeDetailsHeaderViewModel.swift */,
				2DB01D1729DA228F0096497C /* EmployeeDetailsViewModel.swift */,
			);
			path = ViewModel;
			sourceTree = "<group>";
		};
		2DB01D0229D884440096497C /* View */ = {
			isa = PBXGroup;
			children = (
				2DB01D1929DA22AA0096497C /* EmployeeDetailsCell.swift */,
				2DB01D1B29DA25660096497C /* EmployeeDetailsHeaderView.swift */,
			);
			path = View;
			sourceTree = "<group>";
		};
		2DB01D0D29DA14010096497C /* DecodedArray */ = {
			isa = PBXGroup;
			children = (
				2DB01D0E29DA14200096497C /* DecodedArray.swift */,
			);
			path = DecodedArray;
			sourceTree = "<group>";
		};
		2DB01D2329DA2B160096497C /* DataSource */ = {
			isa = PBXGroup;
			children = (
				2DB01D2429DA2B270096497C /* EmployeeDetailsDataSource.swift */,
			);
			path = DataSource;
			sourceTree = "<group>";
		};
		2DB01D2C29DAC2650096497C /* FileManager */ = {
			isa = PBXGroup;
			children = (
				2DB01D2D29DAC26E0096497C /* FilesManager.swift */,
			);
			path = FileManager;
			sourceTree = "<group>";
		};
		2DD6010829D6DAE800FEC7F2 = {
			isa = PBXGroup;
			children = (
				2DD6011329D6DAE800FEC7F2 /* TelTechApp */,
				2DD6012A29D6DAEA00FEC7F2 /* TelTechAppTests */,
				2DD6013429D6DAEA00FEC7F2 /* TelTechAppUITests */,
				2DD6011229D6DAE800FEC7F2 /* Products */,
			);
			sourceTree = "<group>";
		};
		2DD6011229D6DAE800FEC7F2 /* Products */ = {
			isa = PBXGroup;
			children = (
				2DD6011129D6DAE800FEC7F2 /* TelTechApp.app */,
				2DD6012729D6DAEA00FEC7F2 /* TelTechAppTests.xctest */,
				2DD6013129D6DAEA00FEC7F2 /* TelTechAppUITests.xctest */,
			);
			name = Products;
			sourceTree = "<group>";
		};
		2DD6011329D6DAE800FEC7F2 /* TelTechApp */ = {
			isa = PBXGroup;
			children = (
				2DB01C8729D8698B0096497C /* AppDelegate */,
				2DB01C8A29D869B10096497C /* Common */,
				2DD6011A29D6DAE800FEC7F2 /* Main.storyboard */,
				2DB01CBD29D869B10096497C /* Resources */,
				2DB01CEE29D869D10096497C /* Screens */,
				2DD6011829D6DAE800FEC7F2 /* ViewController.swift */,
			);
			path = TelTechApp;
			sourceTree = "<group>";
		};
		2DD6012A29D6DAEA00FEC7F2 /* TelTechAppTests */ = {
			isa = PBXGroup;
			children = (
				2DB01D3329DADA830096497C /* EmployeesLocalStorageServiceTests.swift */,
				2DB01D3529DADEE70096497C /* FileManagerTests.swift */,
				2DD6012B29D6DAEA00FEC7F2 /* TelTechAppTests.swift */,
			);
			path = TelTechAppTests;
			sourceTree = "<group>";
		};
		2DD6013429D6DAEA00FEC7F2 /* TelTechAppUITests */ = {
			isa = PBXGroup;
			children = (
				2DD6013529D6DAEA00FEC7F2 /* TelTechAppUITests.swift */,
				2DD6013729D6DAEA00FEC7F2 /* TelTechAppUITestsLaunchTests.swift */,
			);
			path = TelTechAppUITests;
			sourceTree = "<group>";
		};
/* End PBXGroup section */

/* Begin PBXNativeTarget section */
		2DD6011029D6DAE800FEC7F2 /* TelTechApp */ = {
			isa = PBXNativeTarget;
			buildConfigurationList = 2DD6013B29D6DAEA00FEC7F2 /* Build configuration list for PBXNativeTarget "TelTechApp" */;
			buildPhases = (
				2DD6010D29D6DAE800FEC7F2 /* Sources */,
				2DD6010E29D6DAE800FEC7F2 /* Frameworks */,
				2DD6010F29D6DAE800FEC7F2 /* Resources */,
			);
			buildRules = (
			);
			dependencies = (
			);
			name = TelTechApp;
			packageProductDependencies = (
				2DB01D1129DA16390096497C /* SnapKit */,
			);
			productName = TelTechApp;
			productReference = 2DD6011129D6DAE800FEC7F2 /* TelTechApp.app */;
			productType = "com.apple.product-type.application";
		};
		2DD6012629D6DAEA00FEC7F2 /* TelTechAppTests */ = {
			isa = PBXNativeTarget;
			buildConfigurationList = 2DD6013E29D6DAEA00FEC7F2 /* Build configuration list for PBXNativeTarget "TelTechAppTests" */;
			buildPhases = (
				2DD6012329D6DAEA00FEC7F2 /* Sources */,
				2DD6012429D6DAEA00FEC7F2 /* Frameworks */,
				2DD6012529D6DAEA00FEC7F2 /* Resources */,
			);
			buildRules = (
			);
			dependencies = (
				2DD6012929D6DAEA00FEC7F2 /* PBXTargetDependency */,
			);
			name = TelTechAppTests;
			productName = TelTechAppTests;
			productReference = 2DD6012729D6DAEA00FEC7F2 /* TelTechAppTests.xctest */;
			productType = "com.apple.product-type.bundle.unit-test";
		};
		2DD6013029D6DAEA00FEC7F2 /* TelTechAppUITests */ = {
			isa = PBXNativeTarget;
			buildConfigurationList = 2DD6014129D6DAEA00FEC7F2 /* Build configuration list for PBXNativeTarget "TelTechAppUITests" */;
			buildPhases = (
				2DD6012D29D6DAEA00FEC7F2 /* Sources */,
				2DD6012E29D6DAEA00FEC7F2 /* Frameworks */,
				2DD6012F29D6DAEA00FEC7F2 /* Resources */,
			);
			buildRules = (
			);
			dependencies = (
				2DD6013329D6DAEA00FEC7F2 /* PBXTargetDependency */,
			);
			name = TelTechAppUITests;
			productName = TelTechAppUITests;
			productReference = 2DD6013129D6DAEA00FEC7F2 /* TelTechAppUITests.xctest */;
			productType = "com.apple.product-type.bundle.ui-testing";
		};
/* End PBXNativeTarget section */

/* Begin PBXProject section */
		2DD6010929D6DAE800FEC7F2 /* Project object */ = {
			isa = PBXProject;
			attributes = {
				BuildIndependentTargetsInParallel = 1;
				LastSwiftUpdateCheck = 1420;
				LastUpgradeCheck = 1420;
				ORGANIZATIONNAME = CocodeLab;
				TargetAttributes = {
					2DD6011029D6DAE800FEC7F2 = {
						CreatedOnToolsVersion = 14.2;
					};
					2DD6012629D6DAEA00FEC7F2 = {
						CreatedOnToolsVersion = 14.2;
						TestTargetID = 2DD6011029D6DAE800FEC7F2;
					};
					2DD6013029D6DAEA00FEC7F2 = {
						CreatedOnToolsVersion = 14.2;
						TestTargetID = 2DD6011029D6DAE800FEC7F2;
					};
				};
			};
			buildConfigurationList = 2DD6010C29D6DAE800FEC7F2 /* Build configuration list for PBXProject "TelTechApp" */;
			compatibilityVersion = "Xcode 14.0";
			developmentRegion = en;
			hasScannedForEncodings = 0;
			knownRegions = (
				en,
				Base,
			);
			mainGroup = 2DD6010829D6DAE800FEC7F2;
			packageReferences = (
				2DB01D1029DA16390096497C /* XCRemoteSwiftPackageReference "SnapKit" */,
			);
			productRefGroup = 2DD6011229D6DAE800FEC7F2 /* Products */;
			projectDirPath = "";
			projectRoot = "";
			targets = (
				2DD6011029D6DAE800FEC7F2 /* TelTechApp */,
				2DD6012629D6DAEA00FEC7F2 /* TelTechAppTests */,
				2DD6013029D6DAEA00FEC7F2 /* TelTechAppUITests */,
			);
		};
/* End PBXProject section */

/* Begin PBXResourcesBuildPhase section */
		2DD6010F29D6DAE800FEC7F2 /* Resources */ = {
			isa = PBXResourcesBuildPhase;
			buildActionMask = 2147483647;
			files = (
				2DD6012129D6DAEA00FEC7F2 /* LaunchScreen.storyboard in Resources */,
				2DB01CEC29D869B10096497C /* Assets.xcassets in Resources */,
				2DB01CED29D869B10096497C /* Localizable.strings in Resources */,
				2DD6011C29D6DAE800FEC7F2 /* Main.storyboard in Resources */,
				2DB01CF329D879600096497C /* teltechians.json in Resources */,
			);
			runOnlyForDeploymentPostprocessing = 0;
		};
		2DD6012529D6DAEA00FEC7F2 /* Resources */ = {
			isa = PBXResourcesBuildPhase;
			buildActionMask = 2147483647;
			files = (
			);
			runOnlyForDeploymentPostprocessing = 0;
		};
		2DD6012F29D6DAEA00FEC7F2 /* Resources */ = {
			isa = PBXResourcesBuildPhase;
			buildActionMask = 2147483647;
			files = (
			);
			runOnlyForDeploymentPostprocessing = 0;
		};
/* End PBXResourcesBuildPhase section */

/* Begin PBXSourcesBuildPhase section */
		2DD6010D29D6DAE800FEC7F2 /* Sources */ = {
			isa = PBXSourcesBuildPhase;
			buildActionMask = 2147483647;
			files = (
				2DB01D1629DA22830096497C /* EmployeeDetailsViewController.swift in Sources */,
				2DB01CCA29D869B10096497C /* AppCoordinator.swift in Sources */,
				2DB01CF529D87B2B0096497C /* Employee.swift in Sources */,
				2DB01CC929D869B10096497C /* NetworkLayerService.swift in Sources */,
				2DB01CE429D869B10096497C /* ActivityIndicatorPresentable.swift in Sources */,
				2DB01D0629D886890096497C /* EmployeeCellViewModel.swift in Sources */,
				2DB01D2E29DAC26E0096497C /* FilesManager.swift in Sources */,
				2DB01D2929DABEDF0096497C /* EmployeesLocalStorageService.swift in Sources */,
				2DB01D0429D885C90096497C /* EmployeeListViewModel.swift in Sources */,
				2DB01CE229D869B10096497C /* NavigationBarProtocol.swift in Sources */,
				2DB01CE729D869B10096497C /* IDable.swift in Sources */,
				2DB01CDF29D869B10096497C /* ErrorHandlerProtocol.swift in Sources */,
				2DB01CE029D869B10096497C /* Configurable.swift in Sources */,
				2DB01D3229DAD4510096497C /* ViewControllerProtocol.swift in Sources */,
				2DB01D2529DA2B270096497C /* EmployeeDetailsDataSource.swift in Sources */,
				2DB01CF729D87C8B0096497C /* EmployeesRepository.swift in Sources */,
				2DB01D2029DA27620096497C /* EmployeeDetailsHeaderViewModel.swift in Sources */,
				2DB01D2229DA28580096497C /* EmployeeItemProtocol.swift in Sources */,
				2DB01D2B29DAC24E0096497C /* FilesManagerProtocol.swift in Sources */,
				2DB01D3029DAD37D0096497C /* Capitalized.swift in Sources */,
				2DB01CCD29D869B10096497C /* String+Extensions.swift in Sources */,
				2DB01CD429D869B10096497C /* HTTPRequest.swift in Sources */,
				2DB01D1429DA17000096497C /* EmployeeListCell.swift in Sources */,
				2DB01D1E29DA25B10096497C /* EmployeeDetailsCellViewModel.swift in Sources */,
				2DB01CCB29D869B10096497C /* Constants.swift in Sources */,
				2DB01D1C29DA25660096497C /* EmployeeDetailsHeaderView.swift in Sources */,
				2DB01D0A29D9BB450096497C /* EmployeeListViewController.swift in Sources */,
				2DB01D0829D9B8E50096497C /* EmployeeListDataSource.swift in Sources */,
				2DB01CDD29D869B10096497C /* Requestable.swift in Sources */,
				2DB01CCE29D869B10096497C /* Reachability+Extensions.swift in Sources */,
				2DB01CE929D869B10096497C /* Utility.swift in Sources */,
				2DB01D3A29DAEC8E0096497C /* RoundedImageView.swift in Sources */,
				2DB01CCF29D869B10096497C /* Reachability.swift in Sources */,
				2DB01CE129D869B10096497C /* Reusable.swift in Sources */,
				2DB01CD329D869B10096497C /* NetworkResponse.swift in Sources */,
				2DB01D0F29DA14200096497C /* DecodedArray.swift in Sources */,
				2DB01CE329D869B10096497C /* Presentable.swift in Sources */,
				2DD6011929D6DAE800FEC7F2 /* ViewController.swift in Sources */,
				2DB01CD029D869B10096497C /* KeyboardObserver.swift in Sources */,
				2DB01CE829D869B10096497C /* Loadable.swift in Sources */,
				2DB01CE629D869B10096497C /* ViewStyleable.swift in Sources */,
				2DB01D1A29DA22AA0096497C /* EmployeeDetailsCell.swift in Sources */,
				2DD6011529D6DAE800FEC7F2 /* AppDelegate.swift in Sources */,
				2DB01D0C29DA0D7A0096497C /* EmployeesCoordinator.swift in Sources */,
				2DB01CF029D879200096497C /* URLFormatter.swift in Sources */,
				2DB01D1829DA228F0096497C /* EmployeeDetailsViewModel.swift in Sources */,
			);
			runOnlyForDeploymentPostprocessing = 0;
		};
		2DD6012329D6DAEA00FEC7F2 /* Sources */ = {
			isa = PBXSourcesBuildPhase;
			buildActionMask = 2147483647;
			files = (
				2DD6012C29D6DAEA00FEC7F2 /* TelTechAppTests.swift in Sources */,
				2DB01D3429DADA830096497C /* EmployeesLocalStorageServiceTests.swift in Sources */,
				2DB01D3629DADEE70096497C /* FileManagerTests.swift in Sources */,
			);
			runOnlyForDeploymentPostprocessing = 0;
		};
		2DD6012D29D6DAEA00FEC7F2 /* Sources */ = {
			isa = PBXSourcesBuildPhase;
			buildActionMask = 2147483647;
			files = (
				2DD6013829D6DAEA00FEC7F2 /* TelTechAppUITestsLaunchTests.swift in Sources */,
				2DD6013629D6DAEA00FEC7F2 /* TelTechAppUITests.swift in Sources */,
			);
			runOnlyForDeploymentPostprocessing = 0;
		};
/* End PBXSourcesBuildPhase section */

/* Begin PBXTargetDependency section */
		2DD6012929D6DAEA00FEC7F2 /* PBXTargetDependency */ = {
			isa = PBXTargetDependency;
			target = 2DD6011029D6DAE800FEC7F2 /* TelTechApp */;
			targetProxy = 2DD6012829D6DAEA00FEC7F2 /* PBXContainerItemProxy */;
		};
		2DD6013329D6DAEA00FEC7F2 /* PBXTargetDependency */ = {
			isa = PBXTargetDependency;
			target = 2DD6011029D6DAE800FEC7F2 /* TelTechApp */;
			targetProxy = 2DD6013229D6DAEA00FEC7F2 /* PBXContainerItemProxy */;
		};
/* End PBXTargetDependency section */

/* Begin PBXVariantGroup section */
		2DD6011A29D6DAE800FEC7F2 /* Main.storyboard */ = {
			isa = PBXVariantGroup;
			children = (
				2DD6011B29D6DAE800FEC7F2 /* Base */,
			);
			name = Main.storyboard;
			sourceTree = "<group>";
		};
		2DD6011F29D6DAEA00FEC7F2 /* LaunchScreen.storyboard */ = {
			isa = PBXVariantGroup;
			children = (
				2DD6012029D6DAEA00FEC7F2 /* Base */,
			);
			name = LaunchScreen.storyboard;
			sourceTree = "<group>";
		};
/* End PBXVariantGroup section */

/* Begin XCBuildConfiguration section */
		2DD6013929D6DAEA00FEC7F2 /* Debug */ = {
			isa = XCBuildConfiguration;
			buildSettings = {
				ALWAYS_SEARCH_USER_PATHS = NO;
				CLANG_ANALYZER_NONNULL = YES;
				CLANG_ANALYZER_NUMBER_OBJECT_CONVERSION = YES_AGGRESSIVE;
				CLANG_CXX_LANGUAGE_STANDARD = "gnu++20";
				CLANG_ENABLE_MODULES = YES;
				CLANG_ENABLE_OBJC_ARC = YES;
				CLANG_ENABLE_OBJC_WEAK = YES;
				CLANG_WARN_BLOCK_CAPTURE_AUTORELEASING = YES;
				CLANG_WARN_BOOL_CONVERSION = YES;
				CLANG_WARN_COMMA = YES;
				CLANG_WARN_CONSTANT_CONVERSION = YES;
				CLANG_WARN_DEPRECATED_OBJC_IMPLEMENTATIONS = YES;
				CLANG_WARN_DIRECT_OBJC_ISA_USAGE = YES_ERROR;
				CLANG_WARN_DOCUMENTATION_COMMENTS = YES;
				CLANG_WARN_EMPTY_BODY = YES;
				CLANG_WARN_ENUM_CONVERSION = YES;
				CLANG_WARN_INFINITE_RECURSION = YES;
				CLANG_WARN_INT_CONVERSION = YES;
				CLANG_WARN_NON_LITERAL_NULL_CONVERSION = YES;
				CLANG_WARN_OBJC_IMPLICIT_RETAIN_SELF = YES;
				CLANG_WARN_OBJC_LITERAL_CONVERSION = YES;
				CLANG_WARN_OBJC_ROOT_CLASS = YES_ERROR;
				CLANG_WARN_QUOTED_INCLUDE_IN_FRAMEWORK_HEADER = YES;
				CLANG_WARN_RANGE_LOOP_ANALYSIS = YES;
				CLANG_WARN_STRICT_PROTOTYPES = YES;
				CLANG_WARN_SUSPICIOUS_MOVE = YES;
				CLANG_WARN_UNGUARDED_AVAILABILITY = YES_AGGRESSIVE;
				CLANG_WARN_UNREACHABLE_CODE = YES;
				CLANG_WARN__DUPLICATE_METHOD_MATCH = YES;
				COPY_PHASE_STRIP = NO;
				DEBUG_INFORMATION_FORMAT = dwarf;
				ENABLE_STRICT_OBJC_MSGSEND = YES;
				ENABLE_TESTABILITY = YES;
				GCC_C_LANGUAGE_STANDARD = gnu11;
				GCC_DYNAMIC_NO_PIC = NO;
				GCC_NO_COMMON_BLOCKS = YES;
				GCC_OPTIMIZATION_LEVEL = 0;
				GCC_PREPROCESSOR_DEFINITIONS = (
					"DEBUG=1",
					"$(inherited)",
				);
				GCC_WARN_64_TO_32_BIT_CONVERSION = YES;
				GCC_WARN_ABOUT_RETURN_TYPE = YES_ERROR;
				GCC_WARN_UNDECLARED_SELECTOR = YES;
				GCC_WARN_UNINITIALIZED_AUTOS = YES_AGGRESSIVE;
				GCC_WARN_UNUSED_FUNCTION = YES;
				GCC_WARN_UNUSED_VARIABLE = YES;
				IPHONEOS_DEPLOYMENT_TARGET = 16.2;
				MTL_ENABLE_DEBUG_INFO = INCLUDE_SOURCE;
				MTL_FAST_MATH = YES;
				ONLY_ACTIVE_ARCH = YES;
				SDKROOT = iphoneos;
				SWIFT_ACTIVE_COMPILATION_CONDITIONS = DEBUG;
				SWIFT_OPTIMIZATION_LEVEL = "-Onone";
			};
			name = Debug;
		};
		2DD6013A29D6DAEA00FEC7F2 /* Release */ = {
			isa = XCBuildConfiguration;
			buildSettings = {
				ALWAYS_SEARCH_USER_PATHS = NO;
				CLANG_ANALYZER_NONNULL = YES;
				CLANG_ANALYZER_NUMBER_OBJECT_CONVERSION = YES_AGGRESSIVE;
				CLANG_CXX_LANGUAGE_STANDARD = "gnu++20";
				CLANG_ENABLE_MODULES = YES;
				CLANG_ENABLE_OBJC_ARC = YES;
				CLANG_ENABLE_OBJC_WEAK = YES;
				CLANG_WARN_BLOCK_CAPTURE_AUTORELEASING = YES;
				CLANG_WARN_BOOL_CONVERSION = YES;
				CLANG_WARN_COMMA = YES;
				CLANG_WARN_CONSTANT_CONVERSION = YES;
				CLANG_WARN_DEPRECATED_OBJC_IMPLEMENTATIONS = YES;
				CLANG_WARN_DIRECT_OBJC_ISA_USAGE = YES_ERROR;
				CLANG_WARN_DOCUMENTATION_COMMENTS = YES;
				CLANG_WARN_EMPTY_BODY = YES;
				CLANG_WARN_ENUM_CONVERSION = YES;
				CLANG_WARN_INFINITE_RECURSION = YES;
				CLANG_WARN_INT_CONVERSION = YES;
				CLANG_WARN_NON_LITERAL_NULL_CONVERSION = YES;
				CLANG_WARN_OBJC_IMPLICIT_RETAIN_SELF = YES;
				CLANG_WARN_OBJC_LITERAL_CONVERSION = YES;
				CLANG_WARN_OBJC_ROOT_CLASS = YES_ERROR;
				CLANG_WARN_QUOTED_INCLUDE_IN_FRAMEWORK_HEADER = YES;
				CLANG_WARN_RANGE_LOOP_ANALYSIS = YES;
				CLANG_WARN_STRICT_PROTOTYPES = YES;
				CLANG_WARN_SUSPICIOUS_MOVE = YES;
				CLANG_WARN_UNGUARDED_AVAILABILITY = YES_AGGRESSIVE;
				CLANG_WARN_UNREACHABLE_CODE = YES;
				CLANG_WARN__DUPLICATE_METHOD_MATCH = YES;
				COPY_PHASE_STRIP = NO;
				DEBUG_INFORMATION_FORMAT = "dwarf-with-dsym";
				ENABLE_NS_ASSERTIONS = NO;
				ENABLE_STRICT_OBJC_MSGSEND = YES;
				GCC_C_LANGUAGE_STANDARD = gnu11;
				GCC_NO_COMMON_BLOCKS = YES;
				GCC_WARN_64_TO_32_BIT_CONVERSION = YES;
				GCC_WARN_ABOUT_RETURN_TYPE = YES_ERROR;
				GCC_WARN_UNDECLARED_SELECTOR = YES;
				GCC_WARN_UNINITIALIZED_AUTOS = YES_AGGRESSIVE;
				GCC_WARN_UNUSED_FUNCTION = YES;
				GCC_WARN_UNUSED_VARIABLE = YES;
				IPHONEOS_DEPLOYMENT_TARGET = 16.2;
				MTL_ENABLE_DEBUG_INFO = NO;
				MTL_FAST_MATH = YES;
				SDKROOT = iphoneos;
				SWIFT_COMPILATION_MODE = wholemodule;
				SWIFT_OPTIMIZATION_LEVEL = "-O";
				VALIDATE_PRODUCT = YES;
			};
			name = Release;
		};
		2DD6013C29D6DAEA00FEC7F2 /* Debug */ = {
			isa = XCBuildConfiguration;
			buildSettings = {
				ASSETCATALOG_COMPILER_APPICON_NAME = AppIcon;
				ASSETCATALOG_COMPILER_GLOBAL_ACCENT_COLOR_NAME = AccentColor;
				CODE_SIGN_STYLE = Automatic;
				CURRENT_PROJECT_VERSION = 1;
				DEVELOPMENT_TEAM = 7FMDEPCZKJ;
				GENERATE_INFOPLIST_FILE = YES;
				INFOPLIST_FILE = TelTechApp/Resources/Info/Info.plist;
				INFOPLIST_KEY_CFBundleDisplayName = TelTechApp;
				INFOPLIST_KEY_UIApplicationSupportsIndirectInputEvents = YES;
				INFOPLIST_KEY_UILaunchStoryboardName = LaunchScreen.storyboard;
				INFOPLIST_KEY_UIMainStoryboardFile = Main;
				INFOPLIST_KEY_UISupportedInterfaceOrientations = UIInterfaceOrientationPortrait;
				IPHONEOS_DEPLOYMENT_TARGET = 14.0;
				LD_RUNPATH_SEARCH_PATHS = (
					"$(inherited)",
					"@executable_path/Frameworks",
				);
				MARKETING_VERSION = 1.0;
				PRODUCT_BUNDLE_IDENTIFIER = com.progressioapps.TelTechApp;
				PRODUCT_NAME = "$(TARGET_NAME)";
				SWIFT_EMIT_LOC_STRINGS = YES;
				SWIFT_VERSION = 5.0;
				TARGETED_DEVICE_FAMILY = "1,2";
			};
			name = Debug;
		};
		2DD6013D29D6DAEA00FEC7F2 /* Release */ = {
			isa = XCBuildConfiguration;
			buildSettings = {
				ASSETCATALOG_COMPILER_APPICON_NAME = AppIcon;
				ASSETCATALOG_COMPILER_GLOBAL_ACCENT_COLOR_NAME = AccentColor;
				CODE_SIGN_STYLE = Automatic;
				CURRENT_PROJECT_VERSION = 1;
				DEVELOPMENT_TEAM = 7FMDEPCZKJ;
				GENERATE_INFOPLIST_FILE = YES;
				INFOPLIST_FILE = TelTechApp/Resources/Info/Info.plist;
				INFOPLIST_KEY_CFBundleDisplayName = TelTechApp;
				INFOPLIST_KEY_UIApplicationSupportsIndirectInputEvents = YES;
				INFOPLIST_KEY_UILaunchStoryboardName = LaunchScreen.storyboard;
				INFOPLIST_KEY_UIMainStoryboardFile = Main;
				INFOPLIST_KEY_UISupportedInterfaceOrientations = UIInterfaceOrientationPortrait;
				IPHONEOS_DEPLOYMENT_TARGET = 14.0;
				LD_RUNPATH_SEARCH_PATHS = (
					"$(inherited)",
					"@executable_path/Frameworks",
				);
				MARKETING_VERSION = 1.0;
				PRODUCT_BUNDLE_IDENTIFIER = com.progressioapps.TelTechApp;
				PRODUCT_NAME = "$(TARGET_NAME)";
				SWIFT_EMIT_LOC_STRINGS = YES;
				SWIFT_VERSION = 5.0;
				TARGETED_DEVICE_FAMILY = "1,2";
			};
			name = Release;
		};
		2DD6013F29D6DAEA00FEC7F2 /* Debug */ = {
			isa = XCBuildConfiguration;
			buildSettings = {
				ALWAYS_EMBED_SWIFT_STANDARD_LIBRARIES = YES;
				BUNDLE_LOADER = "$(TEST_HOST)";
				CODE_SIGN_STYLE = Automatic;
				CURRENT_PROJECT_VERSION = 1;
				DEVELOPMENT_TEAM = 7FMDEPCZKJ;
				GENERATE_INFOPLIST_FILE = YES;
				IPHONEOS_DEPLOYMENT_TARGET = 16.2;
				MARKETING_VERSION = 1.0;
				PRODUCT_BUNDLE_IDENTIFIER = com.progressioapps.TelTechAppTests;
				PRODUCT_NAME = "$(TARGET_NAME)";
				SWIFT_EMIT_LOC_STRINGS = NO;
				SWIFT_VERSION = 5.0;
				TARGETED_DEVICE_FAMILY = "1,2";
				TEST_HOST = "$(BUILT_PRODUCTS_DIR)/TelTechApp.app/$(BUNDLE_EXECUTABLE_FOLDER_PATH)/TelTechApp";
			};
			name = Debug;
		};
		2DD6014029D6DAEA00FEC7F2 /* Release */ = {
			isa = XCBuildConfiguration;
			buildSettings = {
				ALWAYS_EMBED_SWIFT_STANDARD_LIBRARIES = YES;
				BUNDLE_LOADER = "$(TEST_HOST)";
				CODE_SIGN_STYLE = Automatic;
				CURRENT_PROJECT_VERSION = 1;
				DEVELOPMENT_TEAM = 7FMDEPCZKJ;
				GENERATE_INFOPLIST_FILE = YES;
				IPHONEOS_DEPLOYMENT_TARGET = 16.2;
				MARKETING_VERSION = 1.0;
				PRODUCT_BUNDLE_IDENTIFIER = com.progressioapps.TelTechAppTests;
				PRODUCT_NAME = "$(TARGET_NAME)";
				SWIFT_EMIT_LOC_STRINGS = NO;
				SWIFT_VERSION = 5.0;
				TARGETED_DEVICE_FAMILY = "1,2";
				TEST_HOST = "$(BUILT_PRODUCTS_DIR)/TelTechApp.app/$(BUNDLE_EXECUTABLE_FOLDER_PATH)/TelTechApp";
			};
			name = Release;
		};
		2DD6014229D6DAEA00FEC7F2 /* Debug */ = {
			isa = XCBuildConfiguration;
			buildSettings = {
				ALWAYS_EMBED_SWIFT_STANDARD_LIBRARIES = YES;
				CODE_SIGN_STYLE = Automatic;
				CURRENT_PROJECT_VERSION = 1;
				DEVELOPMENT_TEAM = 7FMDEPCZKJ;
				GENERATE_INFOPLIST_FILE = YES;
				MARKETING_VERSION = 1.0;
				PRODUCT_BUNDLE_IDENTIFIER = com.progressioapps.TelTechAppUITests;
				PRODUCT_NAME = "$(TARGET_NAME)";
				SWIFT_EMIT_LOC_STRINGS = NO;
				SWIFT_VERSION = 5.0;
				TARGETED_DEVICE_FAMILY = "1,2";
				TEST_TARGET_NAME = TelTechApp;
			};
			name = Debug;
		};
		2DD6014329D6DAEA00FEC7F2 /* Release */ = {
			isa = XCBuildConfiguration;
			buildSettings = {
				ALWAYS_EMBED_SWIFT_STANDARD_LIBRARIES = YES;
				CODE_SIGN_STYLE = Automatic;
				CURRENT_PROJECT_VERSION = 1;
				DEVELOPMENT_TEAM = 7FMDEPCZKJ;
				GENERATE_INFOPLIST_FILE = YES;
				MARKETING_VERSION = 1.0;
				PRODUCT_BUNDLE_IDENTIFIER = com.progressioapps.TelTechAppUITests;
				PRODUCT_NAME = "$(TARGET_NAME)";
				SWIFT_EMIT_LOC_STRINGS = NO;
				SWIFT_VERSION = 5.0;
				TARGETED_DEVICE_FAMILY = "1,2";
				TEST_TARGET_NAME = TelTechApp;
			};
			name = Release;
		};
/* End XCBuildConfiguration section */

/* Begin XCConfigurationList section */
		2DD6010C29D6DAE800FEC7F2 /* Build configuration list for PBXProject "TelTechApp" */ = {
			isa = XCConfigurationList;
			buildConfigurations = (
				2DD6013929D6DAEA00FEC7F2 /* Debug */,
				2DD6013A29D6DAEA00FEC7F2 /* Release */,
			);
			defaultConfigurationIsVisible = 0;
			defaultConfigurationName = Release;
		};
		2DD6013B29D6DAEA00FEC7F2 /* Build configuration list for PBXNativeTarget "TelTechApp" */ = {
			isa = XCConfigurationList;
			buildConfigurations = (
				2DD6013C29D6DAEA00FEC7F2 /* Debug */,
				2DD6013D29D6DAEA00FEC7F2 /* Release */,
			);
			defaultConfigurationIsVisible = 0;
			defaultConfigurationName = Release;
		};
		2DD6013E29D6DAEA00FEC7F2 /* Build configuration list for PBXNativeTarget "TelTechAppTests" */ = {
			isa = XCConfigurationList;
			buildConfigurations = (
				2DD6013F29D6DAEA00FEC7F2 /* Debug */,
				2DD6014029D6DAEA00FEC7F2 /* Release */,
			);
			defaultConfigurationIsVisible = 0;
			defaultConfigurationName = Release;
		};
		2DD6014129D6DAEA00FEC7F2 /* Build configuration list for PBXNativeTarget "TelTechAppUITests" */ = {
			isa = XCConfigurationList;
			buildConfigurations = (
				2DD6014229D6DAEA00FEC7F2 /* Debug */,
				2DD6014329D6DAEA00FEC7F2 /* Release */,
			);
			defaultConfigurationIsVisible = 0;
			defaultConfigurationName = Release;
		};
/* End XCConfigurationList section */

/* Begin XCRemoteSwiftPackageReference section */
		2DB01D1029DA16390096497C /* XCRemoteSwiftPackageReference "SnapKit" */ = {
			isa = XCRemoteSwiftPackageReference;
			repositoryURL = "https://github.com/SnapKit/SnapKit.git";
			requirement = {
				branch = develop;
				kind = branch;
			};
		};
/* End XCRemoteSwiftPackageReference section */

/* Begin XCSwiftPackageProductDependency section */
		2DB01D1129DA16390096497C /* SnapKit */ = {
			isa = XCSwiftPackageProductDependency;
			package = 2DB01D1029DA16390096497C /* XCRemoteSwiftPackageReference "SnapKit" */;
			productName = SnapKit;
		};
/* End XCSwiftPackageProductDependency section */
	};
	rootObject = 2DD6010929D6DAE800FEC7F2 /* Project object */;
}
